
Microsoft Visual Studio Solution File, Format Version 12.00
# Visual Studio Version 17
VisualStudioVersion = 17.14.36121.58
MinimumVisualStudioVersion = 10.0.40219.1
Project("{FAE04EC0-301F-11D3-BF4B-00C04F79EFBC}") = "Lycia.Messaging", "Lycia.Messaging\Lycia.Messaging.csproj", "{BD73C6EC-E726-4B73-9F7B-F10E06B2D6C3}"
EndProject
Project("{FAE04EC0-301F-11D3-BF4B-00C04F79EFBC}") = "Lycia.Saga", "Lycia.Saga\Lycia.Saga.csproj", "{A49DCEDA-15C8-410A-9ECD-229644DE5559}"
EndProject
Project("{FAE04EC0-301F-11D3-BF4B-00C04F79EFBC}") = "Lycia.Infrastructure", "Lycia.Infrastructure\Lycia.Infrastructure.csproj", "{C57C60D9-A8CC-4055-A8F3-D4DBB13156B4}"
EndProject
Project("{2150E333-8FDC-42A3-9474-1A3956D46DE8}") = "Samples", "Samples", "{BC1E10B1-10E1-456F-9496-6DA354303160}"
EndProject
Project("{FAE04EC0-301F-11D3-BF4B-00C04F79EFBC}") = "Sample.Choreography.Api", "Sample.Choreography.Api\Sample.Choreography.Api.csproj", "{A0A37466-E91D-4199-ABD2-679F8A3A9731}"
EndProject
Project("{FAE04EC0-301F-11D3-BF4B-00C04F79EFBC}") = "Sample.Orchestration.Worker", "Sample.Orchestration.Worker\Sample.Orchestration.Worker.csproj", "{DFDC4E24-CD6F-40EF-9AF2-D2E3F2CB9976}"
EndProject
Project("{FAE04EC0-301F-11D3-BF4B-00C04F79EFBC}") = "Sample.Shared", "Sample.Shared\Sample.Shared.csproj", "{D2CFB436-054B-4795-8B47-40452CD8B143}"
EndProject
Project("{2150E333-8FDC-42A3-9474-1A3956D46DE8}") = "tests", "tests", "{39547434-F68A-4275-8482-B1EB3CFC8F02}"
EndProject
Project("{FAE04EC0-301F-11D3-BF4B-00C04F79EFBC}") = "Lycia.Tests", "Lycia.Tests\Lycia.Tests.csproj", "{7FA752DF-3BB2-430F-B7B1-D13F3DDDD94E}"
EndProject
Project("{2150E333-8FDC-42A3-9474-1A3956D46DE8}") = "src", "src", "{59E39671-6EFC-4EE2-B70F-DF6955451C7C}"
EndProject
Project("{2150E333-8FDC-42A3-9474-1A3956D46DE8}") = "Services", "Services", "{02EA681E-C7D8-13C7-8484-4AC65E1B71E8}"
EndProject
Project("{FAE04EC0-301F-11D3-BF4B-00C04F79EFBC}") = "Sample.DeliveryService.API", "Sample.DeliveryService.API\Sample.DeliveryService.API.csproj", "{3B11F34F-2E27-489A-8AD2-0D2D43D9CB53}"
EndProject
Project("{FAE04EC0-301F-11D3-BF4B-00C04F79EFBC}") = "Sample.OrderService.API", "Sample.OrderService.API\Sample.OrderService.API.csproj", "{5F116CC9-6467-4848-8F4D-3B72ECDC087A}"
EndProject
Project("{FAE04EC0-301F-11D3-BF4B-00C04F79EFBC}") = "Sample.PaymentService.API", "Sample.PaymentService.API\Sample.PaymentService.API.csproj", "{57293370-C761-4FC2-A199-51CA14DB03DD}"
EndProject
Project("{FAE04EC0-301F-11D3-BF4B-00C04F79EFBC}") = "Sample.InventoryService.API", "Sample.InventoryService.API\Sample.InventoryService.API.csproj", "{30ADF9AD-2568-4CC7-AF9D-6C9DE78AC95E}"
EndProject
Project("{E53339B2-1760-4266-BCC7-CA923CBCF16C}") = "docker-compose", "docker-compose.dcproj", "{81DDED9D-158B-E303-5F62-77A2896D2A5A}"
EndProject
Global
	GlobalSection(SolutionConfigurationPlatforms) = preSolution
		Debug|Any CPU = Debug|Any CPU
		Release|Any CPU = Release|Any CPU
	EndGlobalSection
	GlobalSection(ProjectConfigurationPlatforms) = postSolution
		{BD73C6EC-E726-4B73-9F7B-F10E06B2D6C3}.Debug|Any CPU.ActiveCfg = Debug|Any CPU
		{BD73C6EC-E726-4B73-9F7B-F10E06B2D6C3}.Debug|Any CPU.Build.0 = Debug|Any CPU
		{BD73C6EC-E726-4B73-9F7B-F10E06B2D6C3}.Release|Any CPU.ActiveCfg = Release|Any CPU
		{BD73C6EC-E726-4B73-9F7B-F10E06B2D6C3}.Release|Any CPU.Build.0 = Release|Any CPU
		{A49DCEDA-15C8-410A-9ECD-229644DE5559}.Debug|Any CPU.ActiveCfg = Debug|Any CPU
		{A49DCEDA-15C8-410A-9ECD-229644DE5559}.Debug|Any CPU.Build.0 = Debug|Any CPU
		{A49DCEDA-15C8-410A-9ECD-229644DE5559}.Release|Any CPU.ActiveCfg = Release|Any CPU
		{A49DCEDA-15C8-410A-9ECD-229644DE5559}.Release|Any CPU.Build.0 = Release|Any CPU
		{C57C60D9-A8CC-4055-A8F3-D4DBB13156B4}.Debug|Any CPU.ActiveCfg = Debug|Any CPU
		{C57C60D9-A8CC-4055-A8F3-D4DBB13156B4}.Debug|Any CPU.Build.0 = Debug|Any CPU
		{C57C60D9-A8CC-4055-A8F3-D4DBB13156B4}.Release|Any CPU.ActiveCfg = Release|Any CPU
		{C57C60D9-A8CC-4055-A8F3-D4DBB13156B4}.Release|Any CPU.Build.0 = Release|Any CPU
		{A0A37466-E91D-4199-ABD2-679F8A3A9731}.Debug|Any CPU.ActiveCfg = Debug|Any CPU
		{A0A37466-E91D-4199-ABD2-679F8A3A9731}.Debug|Any CPU.Build.0 = Debug|Any CPU
		{A0A37466-E91D-4199-ABD2-679F8A3A9731}.Release|Any CPU.ActiveCfg = Release|Any CPU
		{A0A37466-E91D-4199-ABD2-679F8A3A9731}.Release|Any CPU.Build.0 = Release|Any CPU
		{DFDC4E24-CD6F-40EF-9AF2-D2E3F2CB9976}.Debug|Any CPU.ActiveCfg = Debug|Any CPU
		{DFDC4E24-CD6F-40EF-9AF2-D2E3F2CB9976}.Debug|Any CPU.Build.0 = Debug|Any CPU
		{DFDC4E24-CD6F-40EF-9AF2-D2E3F2CB9976}.Release|Any CPU.ActiveCfg = Release|Any CPU
		{DFDC4E24-CD6F-40EF-9AF2-D2E3F2CB9976}.Release|Any CPU.Build.0 = Release|Any CPU
		{D2CFB436-054B-4795-8B47-40452CD8B143}.Debug|Any CPU.ActiveCfg = Debug|Any CPU
		{D2CFB436-054B-4795-8B47-40452CD8B143}.Debug|Any CPU.Build.0 = Debug|Any CPU
		{D2CFB436-054B-4795-8B47-40452CD8B143}.Release|Any CPU.ActiveCfg = Release|Any CPU
		{D2CFB436-054B-4795-8B47-40452CD8B143}.Release|Any CPU.Build.0 = Release|Any CPU
		{7FA752DF-3BB2-430F-B7B1-D13F3DDDD94E}.Debug|Any CPU.ActiveCfg = Debug|Any CPU
		{7FA752DF-3BB2-430F-B7B1-D13F3DDDD94E}.Debug|Any CPU.Build.0 = Debug|Any CPU
		{7FA752DF-3BB2-430F-B7B1-D13F3DDDD94E}.Release|Any CPU.ActiveCfg = Release|Any CPU
		{7FA752DF-3BB2-430F-B7B1-D13F3DDDD94E}.Release|Any CPU.Build.0 = Release|Any CPU
		{3B11F34F-2E27-489A-8AD2-0D2D43D9CB53}.Debug|Any CPU.ActiveCfg = Debug|Any CPU
		{3B11F34F-2E27-489A-8AD2-0D2D43D9CB53}.Debug|Any CPU.Build.0 = Debug|Any CPU
		{3B11F34F-2E27-489A-8AD2-0D2D43D9CB53}.Release|Any CPU.ActiveCfg = Release|Any CPU
		{3B11F34F-2E27-489A-8AD2-0D2D43D9CB53}.Release|Any CPU.Build.0 = Release|Any CPU
		{5F116CC9-6467-4848-8F4D-3B72ECDC087A}.Debug|Any CPU.ActiveCfg = Debug|Any CPU
		{5F116CC9-6467-4848-8F4D-3B72ECDC087A}.Debug|Any CPU.Build.0 = Debug|Any CPU
		{5F116CC9-6467-4848-8F4D-3B72ECDC087A}.Release|Any CPU.ActiveCfg = Release|Any CPU
		{5F116CC9-6467-4848-8F4D-3B72ECDC087A}.Release|Any CPU.Build.0 = Release|Any CPU
		{57293370-C761-4FC2-A199-51CA14DB03DD}.Debug|Any CPU.ActiveCfg = Debug|Any CPU
		{57293370-C761-4FC2-A199-51CA14DB03DD}.Debug|Any CPU.Build.0 = Debug|Any CPU
		{57293370-C761-4FC2-A199-51CA14DB03DD}.Release|Any CPU.ActiveCfg = Release|Any CPU
		{57293370-C761-4FC2-A199-51CA14DB03DD}.Release|Any CPU.Build.0 = Release|Any CPU
		{30ADF9AD-2568-4CC7-AF9D-6C9DE78AC95E}.Debug|Any CPU.ActiveCfg = Debug|Any CPU
		{30ADF9AD-2568-4CC7-AF9D-6C9DE78AC95E}.Debug|Any CPU.Build.0 = Debug|Any CPU
		{30ADF9AD-2568-4CC7-AF9D-6C9DE78AC95E}.Release|Any CPU.ActiveCfg = Release|Any CPU
		{30ADF9AD-2568-4CC7-AF9D-6C9DE78AC95E}.Release|Any CPU.Build.0 = Release|Any CPU
		{81DDED9D-158B-E303-5F62-77A2896D2A5A}.Debug|Any CPU.ActiveCfg = Debug|Any CPU
		{81DDED9D-158B-E303-5F62-77A2896D2A5A}.Debug|Any CPU.Build.0 = Debug|Any CPU
		{81DDED9D-158B-E303-5F62-77A2896D2A5A}.Release|Any CPU.ActiveCfg = Release|Any CPU
		{81DDED9D-158B-E303-5F62-77A2896D2A5A}.Release|Any CPU.Build.0 = Release|Any CPU
	EndGlobalSection
	GlobalSection(SolutionProperties) = preSolution
		HideSolutionNode = FALSE
	EndGlobalSection
	GlobalSection(NestedProjects) = preSolution
		{BD73C6EC-E726-4B73-9F7B-F10E06B2D6C3} = {59E39671-6EFC-4EE2-B70F-DF6955451C7C}
		{A49DCEDA-15C8-410A-9ECD-229644DE5559} = {59E39671-6EFC-4EE2-B70F-DF6955451C7C}
		{C57C60D9-A8CC-4055-A8F3-D4DBB13156B4} = {59E39671-6EFC-4EE2-B70F-DF6955451C7C}
		{A0A37466-E91D-4199-ABD2-679F8A3A9731} = {BC1E10B1-10E1-456F-9496-6DA354303160}
		{DFDC4E24-CD6F-40EF-9AF2-D2E3F2CB9976} = {BC1E10B1-10E1-456F-9496-6DA354303160}
		{D2CFB436-054B-4795-8B47-40452CD8B143} = {BC1E10B1-10E1-456F-9496-6DA354303160}
		{7FA752DF-3BB2-430F-B7B1-D13F3DDDD94E} = {39547434-F68A-4275-8482-B1EB3CFC8F02}
		{3B11F34F-2E27-489A-8AD2-0D2D43D9CB53} = {02EA681E-C7D8-13C7-8484-4AC65E1B71E8}
		{5F116CC9-6467-4848-8F4D-3B72ECDC087A} = {02EA681E-C7D8-13C7-8484-4AC65E1B71E8}
		{57293370-C761-4FC2-A199-51CA14DB03DD} = {02EA681E-C7D8-13C7-8484-4AC65E1B71E8}
		{30ADF9AD-2568-4CC7-AF9D-6C9DE78AC95E} = {02EA681E-C7D8-13C7-8484-4AC65E1B71E8}
	EndGlobalSection
	GlobalSection(ExtensibilityGlobals) = postSolution
		SolutionGuid = {BE5FE3CD-82D8-420B-99E0-2CB0FDF253CB}
	EndGlobalSection
EndGlobal
