
Microsoft Visual Studio Solution File, Format Version 12.00
# Visual Studio Version 18
VisualStudioVersion = 18.3.11426.168
MinimumVisualStudioVersion = 10.0.40219.1
Project("{FAE04EC0-301F-11D3-BF4B-00C04F79EFBC}") = "Lycia.Saga", "src\Lycia.Saga\Lycia.Saga.csproj", "{BD73C6EC-E726-4B73-9F7B-F10E06B2D6C3}"
EndProject
Project("{FAE04EC0-301F-11D3-BF4B-00C04F79EFBC}") = "Lycia", "src\Lycia\Lycia.csproj", "{A49DCEDA-15C8-410A-9ECD-229644DE5559}"
EndProject
Project("{2150E333-8FDC-42A3-9474-1A3956D46DE8}") = "samples", "samples", "{BC1E10B1-10E1-456F-9496-6DA354303160}"
EndProject
Project("{FAE04EC0-301F-11D3-BF4B-00C04F79EFBC}") = "Sample.Order.Api", "samples\Sample.Order.Api\Sample.Order.Api.csproj", "{A0A37466-E91D-4199-ABD2-679F8A3A9731}"
EndProject
Project("{FAE04EC0-301F-11D3-BF4B-00C04F79EFBC}") = "Sample.Shared", "samples\Sample.Shared\Sample.Shared.csproj", "{D2CFB436-054B-4795-8B47-40452CD8B143}"
EndProject
Project("{2150E333-8FDC-42A3-9474-1A3956D46DE8}") = "tests", "tests", "{39547434-F68A-4275-8482-B1EB3CFC8F02}"
EndProject
Project("{2150E333-8FDC-42A3-9474-1A3956D46DE8}") = "src", "src", "{59E39671-6EFC-4EE2-B70F-DF6955451C7C}"
EndProject
Project("{FAE04EC0-301F-11D3-BF4B-00C04F79EFBC}") = "Lycia.Extensions", "src\Lycia.Extensions\Lycia.Extensions.csproj", "{EED82447-E52F-4A54-A6CF-45EC98C1C37B}"
EndProject
Project("{FAE04EC0-301F-11D3-BF4B-00C04F79EFBC}") = "Lycia.IntegrationTests", "tests\Lycia.IntegrationTests\Lycia.IntegrationTests.csproj", "{3F72F5DD-76D9-4899-A920-736D82D06603}"
EndProject
Project("{FAE04EC0-301F-11D3-BF4B-00C04F79EFBC}") = "Lycia.Tests", "tests\Lycia.Tests\Lycia.Tests.csproj", "{B2AE5013-780F-4387-970E-F7BAD9D26332}"
EndProject
Project("{FAE04EC0-301F-11D3-BF4B-00C04F79EFBC}") = "Lycia.Tests.Helpers", "tests\Lycia.Tests.Helpers\Lycia.Tests.Helpers.csproj", "{60897FE6-CD56-4352-B3A8-DE9A38AA551D}"
EndProject
Project("{FAE04EC0-301F-11D3-BF4B-00C04F79EFBC}") = "Sample.Order.Orchestration.Consumer", "samples\Sample.Order.Orchestration.Consumer\Sample.Order.Orchestration.Consumer.csproj", "{9194D736-D70F-4C02-A38B-F7C0DB38788B}"
EndProject
Project("{FAE04EC0-301F-11D3-BF4B-00C04F79EFBC}") = "Sample.Order.Choreography.Consumer", "samples\Sample.Order.Choreography.Consumer\Sample.Order.Choreography.Consumer.csproj", "{3CEE35A8-FE87-46F7-9B38-5A6C28CE176A}"
EndProject
Project("{FAE04EC0-301F-11D3-BF4B-00C04F79EFBC}") = "Sample.Order.Orchestration.Seq.Consumer", "samples\Sample.Order.Orchestration.Seq.Consumer\Sample.Order.Orchestration.Seq.Consumer.csproj", "{162A2960-9663-4650-91B9-69C2CE0283E7}"
EndProject
Project("{FAE04EC0-301F-11D3-BF4B-00C04F79EFBC}") = "Lycia.Saga.Abstractions", "src\Lycia.Saga.Abstractions\Lycia.Saga.Abstractions.csproj", "{C66136CE-3A93-46A6-9153-AFF0BF6AD1DA}"
EndProject
Project("{FAE04EC0-301F-11D3-BF4B-00C04F79EFBC}") = "Lycia.Common", "src\Lycia.Common\Lycia.Common.csproj", "{51660FD5-1869-4C04-90F9-DADAB3DB9E25}"
EndProject
Project("{FAE04EC0-301F-11D3-BF4B-00C04F79EFBC}") = "Lycia.Extensions.OpenTelemetry", "src\Lycia.Extensions.OpenTelemetry\Lycia.Extensions.OpenTelemetry.csproj", "{CABFA89E-B4DC-40DB-847B-9FF9DDCFE98C}"
EndProject
Project("{FAE04EC0-301F-11D3-BF4B-00C04F79EFBC}") = "Lycia.Tests.NetFramework", "tests\Lycia.Tests.NetFramework\Lycia.Tests.NetFramework.csproj", "{9740E725-AD7A-4F6C-AA7E-A207805CE28D}"
EndProject
Project("{FAE04EC0-301F-11D3-BF4B-00C04F79EFBC}") = "Lycia.IntegrationTests.NetFramework", "tests\Lycia.IntegrationTests.NetFramework\Lycia.IntegrationTests.NetFramework.csproj", "{020E2586-334E-4215-8995-C7C9B52B4986}"
EndProject
Project("{2150E333-8FDC-42A3-9474-1A3956D46DE8}") = "net-framework", "net-framework", "{A7DA50AE-67B9-6269-2510-0D8452143CA0}"
EndProject
Project("{2150E333-8FDC-42A3-9474-1A3956D46DE8}") = "order-api", "order-api", "{14BF5A04-BECE-DE6A-0243-046EA3364193}"
EndProject
Project("{FAE04EC0-301F-11D3-BF4B-00C04F79EFBC}") = "Sample.Order.NetFramework481.API", "samples\Microservices.NetFramework481\Order.Api\API\Sample.Order.NetFramework481.API.csproj", "{461299E4-6A6E-4F20-A754-65595C9EA455}"
EndProject
Project("{FAE04EC0-301F-11D3-BF4B-00C04F79EFBC}") = "Sample.Order.NetFramework481.Infrastructure", "samples\Microservices.NetFramework481\Order.Api\Infrastructure\Sample.Order.NetFramework481.Infrastructure.csproj", "{CBB1201F-1983-42C0-8DC5-075FC08E0F7E}"
EndProject
Project("{FAE04EC0-301F-11D3-BF4B-00C04F79EFBC}") = "Sample.Order.NetFramework481.Application", "samples\Microservices.NetFramework481\Order.Api\Application\Sample.Order.NetFramework481.Application.csproj", "{6EBB186B-2645-426F-B534-220F352FF742}"
EndProject
Project("{FAE04EC0-301F-11D3-BF4B-00C04F79EFBC}") = "Sample.Order.NetFramework481.Domain", "samples\Microservices.NetFramework481\Order.Api\Domain\Sample.Order.NetFramework481.Domain.csproj", "{FF925892-3218-4854-965C-414EB48F7287}"
EndProject
Project("{FAE04EC0-301F-11D3-BF4B-00C04F79EFBC}") = "Shared.Contracts", "samples\Microservices.NetFramework481\Shared.Contracts\Shared.Contracts.csproj", "{2C62487C-6EDC-4407-B761-704122BC9655}"
EndProject
Project("{2150E333-8FDC-42A3-9474-1A3956D46DE8}") = "product-api", "product-api", "{0B9E79AA-63AE-BE3B-35F7-7331E9685360}"
EndProject
Project("{FAE04EC0-301F-11D3-BF4B-00C04F79EFBC}") = "Sample.Product.NetFramework481.Domain", "samples\Microservices.NetFramework481\Stock.Api\Domain\Sample.Product.NetFramework481.Domain.csproj", "{8DE9C4E5-B212-44C9-984D-67A649106E69}"
EndProject
Project("{FAE04EC0-301F-11D3-BF4B-00C04F79EFBC}") = "Sample.Product.NetFramework481.Application", "samples\Microservices.NetFramework481\Stock.Api\Application\Sample.Product.NetFramework481.Application.csproj", "{FFDE4714-E89E-4E10-BF6A-834320371A1A}"
EndProject
Project("{FAE04EC0-301F-11D3-BF4B-00C04F79EFBC}") = "Sample.Product.NetFramework481.Infrastructure", "samples\Microservices.NetFramework481\Stock.Api\Infrastructure\Sample.Product.NetFramework481.Infrastructure.csproj", "{7DE687F4-901E-43AD-AE68-F335511D2C82}"
EndProject
Project("{FAE04EC0-301F-11D3-BF4B-00C04F79EFBC}") = "Sample.Product.NetFramework481.API", "samples\Microservices.NetFramework481\Stock.Api\API\Sample.Product.NetFramework481.API.csproj", "{F4A5443C-A3A4-4CDC-819F-22A26D2A89CE}"
EndProject
Project("{2150E333-8FDC-42A3-9474-1A3956D46DE8}") = "net-core", "net-core", "{ECA7A5FD-EC0A-4914-865A-220958DA2AC3}"
EndProject
Project("{2150E333-8FDC-42A3-9474-1A3956D46DE8}") = "delivery-api", "delivery-api", "{1827BD1D-6BD3-E69A-4C17-ABA8A6638680}"
EndProject
Project("{FAE04EC0-301F-11D3-BF4B-00C04F79EFBC}") = "Sample.Delivery.NetFramework481.API", "samples\Microservices.NetFramework481\Delivery.Api\API\Sample.Delivery.NetFramework481.API.csproj", "{402C309C-F646-4DF1-B87D-FCB7F909F2C6}"
EndProject
Project("{FAE04EC0-301F-11D3-BF4B-00C04F79EFBC}") = "Sample.Delivery.NetFramework481.Infrastructure", "samples\Microservices.NetFramework481\Delivery.Api\Infrastructure\Sample.Delivery.NetFramework481.Infrastructure.csproj", "{D8E5022F-B4F5-4C2C-9B47-91068F71DC40}"
EndProject
Project("{FAE04EC0-301F-11D3-BF4B-00C04F79EFBC}") = "Sample.Delivery.NetFramework481.Application", "samples\Microservices.NetFramework481\Delivery.Api\Application\Sample.Delivery.NetFramework481.Application.csproj", "{A3FE6FAE-BCF3-47C7-B8A9-03FFFB9D51D5}"
EndProject
Project("{FAE04EC0-301F-11D3-BF4B-00C04F79EFBC}") = "Sample.Delivery.NetFramework481.Domain", "samples\Microservices.NetFramework481\Delivery.Api\Domain\Sample.Delivery.NetFramework481.Domain.csproj", "{3DBDFB3C-36B0-4458-B312-D32666D05DDA}"
EndProject
Project("{2150E333-8FDC-42A3-9474-1A3956D46DE8}") = "notification-api", "notification-api", "{C450DFA7-A89B-A0DC-B526-8D3FD4C8429D}"
EndProject
Project("{FAE04EC0-301F-11D3-BF4B-00C04F79EFBC}") = "Sample.Notification.NetFramework481.API", "samples\Microservices.NetFramework481\Notification.Api\API\Sample.Notification.NetFramework481.API.csproj", "{CCB55052-00BE-4DB6-BCEB-7BE58267B93F}"
EndProject
Project("{FAE04EC0-301F-11D3-BF4B-00C04F79EFBC}") = "Sample.Notification.NetFramework481.Infrastructure", "samples\Microservices.NetFramework481\Notification.Api\Infrastructure\Sample.Notification.NetFramework481.Infrastructure.csproj", "{DE78990D-E144-4998-A43A-5FC9F5D461EB}"
EndProject
Project("{FAE04EC0-301F-11D3-BF4B-00C04F79EFBC}") = "Sample.Notification.NetFramework481.Application", "samples\Microservices.NetFramework481\Notification.Api\Application\Sample.Notification.NetFramework481.Application.csproj", "{2C9482F3-894B-4028-BA85-A94948CC4326}"
EndProject
Project("{FAE04EC0-301F-11D3-BF4B-00C04F79EFBC}") = "Sample.Notification.NetFramework481.Domain", "samples\Microservices.NetFramework481\Notification.Api\Domain\Sample.Notification.NetFramework481.Domain.csproj", "{7BD30A91-D545-4E1B-B108-29F6DA846956}"
EndProject
Project("{2150E333-8FDC-42A3-9474-1A3956D46DE8}") = "payment-api", "payment-api", "{080B6B54-1A1C-395D-F66C-96204F65B569}"
EndProject
Project("{FAE04EC0-301F-11D3-BF4B-00C04F79EFBC}") = "Sample.Payment.NetFramework481.API", "samples\Microservices.NetFramework481\Payment.Api\API\Sample.Payment.NetFramework481.API.csproj", "{A3A3F1C4-562B-4DA2-B398-64201A2DCF88}"
EndProject
Project("{FAE04EC0-301F-11D3-BF4B-00C04F79EFBC}") = "Sample.Payment.NetFramework481.Infrastructure", "samples\Microservices.NetFramework481\Payment.Api\Infrastructure\Sample.Payment.NetFramework481.Infrastructure.csproj", "{34D1CFEE-320D-46A2-B89F-8FDD45508F9C}"
EndProject
Project("{FAE04EC0-301F-11D3-BF4B-00C04F79EFBC}") = "Sample.Payment.NetFramework481.Application", "samples\Microservices.NetFramework481\Payment.Api\Application\Sample.Payment.NetFramework481.Application.csproj", "{1750C8B9-49EB-4C8E-8102-A19223CB1FB5}"
EndProject
Project("{FAE04EC0-301F-11D3-BF4B-00C04F79EFBC}") = "Sample.Payment.NetFramework481.Domain", "samples\Microservices.NetFramework481\Payment.Api\Domain\Sample.Payment.NetFramework481.Domain.csproj", "{1B20F816-99E0-4A9D-9B53-1778E38BBA29}"
EndProject
Project("{FAE04EC0-301F-11D3-BF4B-00C04F79EFBC}") = "Gateway.Api", "samples\Microservices.NetFramework481\Gateway.Api\Gateway.Api.csproj", "{94B70EAF-6BB4-4AFE-8B04-8E30B526DAB8}"
EndProject
Project("{E53339B2-1760-4266-BCC7-CA923CBCF16C}") = "docker-compose", "docker-compose.dcproj", "{81DDED9D-158B-E303-5F62-77A2896D2A5A}"
EndProject
Global
	GlobalSection(SolutionConfigurationPlatforms) = preSolution
		Debug|Any CPU = Debug|Any CPU
		Debug|x64 = Debug|x64
		Debug|x86 = Debug|x86
		Release|Any CPU = Release|Any CPU
		Release|x64 = Release|x64
		Release|x86 = Release|x86
	EndGlobalSection
	GlobalSection(ProjectConfigurationPlatforms) = postSolution
		{BD73C6EC-E726-4B73-9F7B-F10E06B2D6C3}.Debug|Any CPU.ActiveCfg = Debug|Any CPU
		{BD73C6EC-E726-4B73-9F7B-F10E06B2D6C3}.Debug|Any CPU.Build.0 = Debug|Any CPU
		{BD73C6EC-E726-4B73-9F7B-F10E06B2D6C3}.Debug|x64.ActiveCfg = Debug|Any CPU
		{BD73C6EC-E726-4B73-9F7B-F10E06B2D6C3}.Debug|x64.Build.0 = Debug|Any CPU
		{BD73C6EC-E726-4B73-9F7B-F10E06B2D6C3}.Debug|x86.ActiveCfg = Debug|Any CPU
		{BD73C6EC-E726-4B73-9F7B-F10E06B2D6C3}.Debug|x86.Build.0 = Debug|Any CPU
		{BD73C6EC-E726-4B73-9F7B-F10E06B2D6C3}.Release|Any CPU.ActiveCfg = Release|Any CPU
		{BD73C6EC-E726-4B73-9F7B-F10E06B2D6C3}.Release|Any CPU.Build.0 = Release|Any CPU
		{BD73C6EC-E726-4B73-9F7B-F10E06B2D6C3}.Release|x64.ActiveCfg = Release|Any CPU
		{BD73C6EC-E726-4B73-9F7B-F10E06B2D6C3}.Release|x64.Build.0 = Release|Any CPU
		{BD73C6EC-E726-4B73-9F7B-F10E06B2D6C3}.Release|x86.ActiveCfg = Release|Any CPU
		{BD73C6EC-E726-4B73-9F7B-F10E06B2D6C3}.Release|x86.Build.0 = Release|Any CPU
		{A49DCEDA-15C8-410A-9ECD-229644DE5559}.Debug|Any CPU.ActiveCfg = Debug|Any CPU
		{A49DCEDA-15C8-410A-9ECD-229644DE5559}.Debug|Any CPU.Build.0 = Debug|Any CPU
		{A49DCEDA-15C8-410A-9ECD-229644DE5559}.Debug|x64.ActiveCfg = Debug|Any CPU
		{A49DCEDA-15C8-410A-9ECD-229644DE5559}.Debug|x64.Build.0 = Debug|Any CPU
		{A49DCEDA-15C8-410A-9ECD-229644DE5559}.Debug|x86.ActiveCfg = Debug|Any CPU
		{A49DCEDA-15C8-410A-9ECD-229644DE5559}.Debug|x86.Build.0 = Debug|Any CPU
		{A49DCEDA-15C8-410A-9ECD-229644DE5559}.Release|Any CPU.ActiveCfg = Release|Any CPU
		{A49DCEDA-15C8-410A-9ECD-229644DE5559}.Release|Any CPU.Build.0 = Release|Any CPU
		{A49DCEDA-15C8-410A-9ECD-229644DE5559}.Release|x64.ActiveCfg = Release|Any CPU
		{A49DCEDA-15C8-410A-9ECD-229644DE5559}.Release|x64.Build.0 = Release|Any CPU
		{A49DCEDA-15C8-410A-9ECD-229644DE5559}.Release|x86.ActiveCfg = Release|Any CPU
		{A49DCEDA-15C8-410A-9ECD-229644DE5559}.Release|x86.Build.0 = Release|Any CPU
		{A0A37466-E91D-4199-ABD2-679F8A3A9731}.Debug|Any CPU.ActiveCfg = Debug|Any CPU
		{A0A37466-E91D-4199-ABD2-679F8A3A9731}.Debug|Any CPU.Build.0 = Debug|Any CPU
		{A0A37466-E91D-4199-ABD2-679F8A3A9731}.Debug|x64.ActiveCfg = Debug|Any CPU
		{A0A37466-E91D-4199-ABD2-679F8A3A9731}.Debug|x64.Build.0 = Debug|Any CPU
		{A0A37466-E91D-4199-ABD2-679F8A3A9731}.Debug|x86.ActiveCfg = Debug|Any CPU
		{A0A37466-E91D-4199-ABD2-679F8A3A9731}.Debug|x86.Build.0 = Debug|Any CPU
		{A0A37466-E91D-4199-ABD2-679F8A3A9731}.Release|Any CPU.ActiveCfg = Release|Any CPU
		{A0A37466-E91D-4199-ABD2-679F8A3A9731}.Release|Any CPU.Build.0 = Release|Any CPU
		{A0A37466-E91D-4199-ABD2-679F8A3A9731}.Release|x64.ActiveCfg = Release|Any CPU
		{A0A37466-E91D-4199-ABD2-679F8A3A9731}.Release|x64.Build.0 = Release|Any CPU
		{A0A37466-E91D-4199-ABD2-679F8A3A9731}.Release|x86.ActiveCfg = Release|Any CPU
		{A0A37466-E91D-4199-ABD2-679F8A3A9731}.Release|x86.Build.0 = Release|Any CPU
		{D2CFB436-054B-4795-8B47-40452CD8B143}.Debug|Any CPU.ActiveCfg = Debug|Any CPU
		{D2CFB436-054B-4795-8B47-40452CD8B143}.Debug|Any CPU.Build.0 = Debug|Any CPU
		{D2CFB436-054B-4795-8B47-40452CD8B143}.Debug|x64.ActiveCfg = Debug|Any CPU
		{D2CFB436-054B-4795-8B47-40452CD8B143}.Debug|x64.Build.0 = Debug|Any CPU
		{D2CFB436-054B-4795-8B47-40452CD8B143}.Debug|x86.ActiveCfg = Debug|Any CPU
		{D2CFB436-054B-4795-8B47-40452CD8B143}.Debug|x86.Build.0 = Debug|Any CPU
		{D2CFB436-054B-4795-8B47-40452CD8B143}.Release|Any CPU.ActiveCfg = Release|Any CPU
		{D2CFB436-054B-4795-8B47-40452CD8B143}.Release|Any CPU.Build.0 = Release|Any CPU
		{D2CFB436-054B-4795-8B47-40452CD8B143}.Release|x64.ActiveCfg = Release|Any CPU
		{D2CFB436-054B-4795-8B47-40452CD8B143}.Release|x64.Build.0 = Release|Any CPU
		{D2CFB436-054B-4795-8B47-40452CD8B143}.Release|x86.ActiveCfg = Release|Any CPU
		{D2CFB436-054B-4795-8B47-40452CD8B143}.Release|x86.Build.0 = Release|Any CPU
		{EED82447-E52F-4A54-A6CF-45EC98C1C37B}.Debug|Any CPU.ActiveCfg = Debug|Any CPU
		{EED82447-E52F-4A54-A6CF-45EC98C1C37B}.Debug|Any CPU.Build.0 = Debug|Any CPU
		{EED82447-E52F-4A54-A6CF-45EC98C1C37B}.Debug|x64.ActiveCfg = Debug|Any CPU
		{EED82447-E52F-4A54-A6CF-45EC98C1C37B}.Debug|x64.Build.0 = Debug|Any CPU
		{EED82447-E52F-4A54-A6CF-45EC98C1C37B}.Debug|x86.ActiveCfg = Debug|Any CPU
		{EED82447-E52F-4A54-A6CF-45EC98C1C37B}.Debug|x86.Build.0 = Debug|Any CPU
		{EED82447-E52F-4A54-A6CF-45EC98C1C37B}.Release|Any CPU.ActiveCfg = Release|Any CPU
		{EED82447-E52F-4A54-A6CF-45EC98C1C37B}.Release|Any CPU.Build.0 = Release|Any CPU
		{EED82447-E52F-4A54-A6CF-45EC98C1C37B}.Release|x64.ActiveCfg = Release|Any CPU
		{EED82447-E52F-4A54-A6CF-45EC98C1C37B}.Release|x64.Build.0 = Release|Any CPU
		{EED82447-E52F-4A54-A6CF-45EC98C1C37B}.Release|x86.ActiveCfg = Release|Any CPU
		{EED82447-E52F-4A54-A6CF-45EC98C1C37B}.Release|x86.Build.0 = Release|Any CPU
		{3F72F5DD-76D9-4899-A920-736D82D06603}.Debug|Any CPU.ActiveCfg = Debug|Any CPU
		{3F72F5DD-76D9-4899-A920-736D82D06603}.Debug|Any CPU.Build.0 = Debug|Any CPU
		{3F72F5DD-76D9-4899-A920-736D82D06603}.Debug|x64.ActiveCfg = Debug|Any CPU
		{3F72F5DD-76D9-4899-A920-736D82D06603}.Debug|x64.Build.0 = Debug|Any CPU
		{3F72F5DD-76D9-4899-A920-736D82D06603}.Debug|x86.ActiveCfg = Debug|Any CPU
		{3F72F5DD-76D9-4899-A920-736D82D06603}.Debug|x86.Build.0 = Debug|Any CPU
		{3F72F5DD-76D9-4899-A920-736D82D06603}.Release|Any CPU.ActiveCfg = Release|Any CPU
		{3F72F5DD-76D9-4899-A920-736D82D06603}.Release|Any CPU.Build.0 = Release|Any CPU
		{3F72F5DD-76D9-4899-A920-736D82D06603}.Release|x64.ActiveCfg = Release|Any CPU
		{3F72F5DD-76D9-4899-A920-736D82D06603}.Release|x64.Build.0 = Release|Any CPU
		{3F72F5DD-76D9-4899-A920-736D82D06603}.Release|x86.ActiveCfg = Release|Any CPU
		{3F72F5DD-76D9-4899-A920-736D82D06603}.Release|x86.Build.0 = Release|Any CPU
		{B2AE5013-780F-4387-970E-F7BAD9D26332}.Debug|Any CPU.ActiveCfg = Debug|Any CPU
		{B2AE5013-780F-4387-970E-F7BAD9D26332}.Debug|Any CPU.Build.0 = Debug|Any CPU
		{B2AE5013-780F-4387-970E-F7BAD9D26332}.Debug|x64.ActiveCfg = Debug|Any CPU
		{B2AE5013-780F-4387-970E-F7BAD9D26332}.Debug|x64.Build.0 = Debug|Any CPU
		{B2AE5013-780F-4387-970E-F7BAD9D26332}.Debug|x86.ActiveCfg = Debug|Any CPU
		{B2AE5013-780F-4387-970E-F7BAD9D26332}.Debug|x86.Build.0 = Debug|Any CPU
		{B2AE5013-780F-4387-970E-F7BAD9D26332}.Release|Any CPU.ActiveCfg = Release|Any CPU
		{B2AE5013-780F-4387-970E-F7BAD9D26332}.Release|Any CPU.Build.0 = Release|Any CPU
		{B2AE5013-780F-4387-970E-F7BAD9D26332}.Release|x64.ActiveCfg = Release|Any CPU
		{B2AE5013-780F-4387-970E-F7BAD9D26332}.Release|x64.Build.0 = Release|Any CPU
		{B2AE5013-780F-4387-970E-F7BAD9D26332}.Release|x86.ActiveCfg = Release|Any CPU
		{B2AE5013-780F-4387-970E-F7BAD9D26332}.Release|x86.Build.0 = Release|Any CPU
		{60897FE6-CD56-4352-B3A8-DE9A38AA551D}.Debug|Any CPU.ActiveCfg = Debug|Any CPU
		{60897FE6-CD56-4352-B3A8-DE9A38AA551D}.Debug|Any CPU.Build.0 = Debug|Any CPU
		{60897FE6-CD56-4352-B3A8-DE9A38AA551D}.Debug|x64.ActiveCfg = Debug|Any CPU
		{60897FE6-CD56-4352-B3A8-DE9A38AA551D}.Debug|x64.Build.0 = Debug|Any CPU
		{60897FE6-CD56-4352-B3A8-DE9A38AA551D}.Debug|x86.ActiveCfg = Debug|Any CPU
		{60897FE6-CD56-4352-B3A8-DE9A38AA551D}.Debug|x86.Build.0 = Debug|Any CPU
		{60897FE6-CD56-4352-B3A8-DE9A38AA551D}.Release|Any CPU.ActiveCfg = Release|Any CPU
		{60897FE6-CD56-4352-B3A8-DE9A38AA551D}.Release|Any CPU.Build.0 = Release|Any CPU
		{60897FE6-CD56-4352-B3A8-DE9A38AA551D}.Release|x64.ActiveCfg = Release|Any CPU
		{60897FE6-CD56-4352-B3A8-DE9A38AA551D}.Release|x64.Build.0 = Release|Any CPU
		{60897FE6-CD56-4352-B3A8-DE9A38AA551D}.Release|x86.ActiveCfg = Release|Any CPU
		{60897FE6-CD56-4352-B3A8-DE9A38AA551D}.Release|x86.Build.0 = Release|Any CPU
		{9194D736-D70F-4C02-A38B-F7C0DB38788B}.Debug|Any CPU.ActiveCfg = Debug|Any CPU
		{9194D736-D70F-4C02-A38B-F7C0DB38788B}.Debug|Any CPU.Build.0 = Debug|Any CPU
		{9194D736-D70F-4C02-A38B-F7C0DB38788B}.Debug|x64.ActiveCfg = Debug|Any CPU
		{9194D736-D70F-4C02-A38B-F7C0DB38788B}.Debug|x64.Build.0 = Debug|Any CPU
		{9194D736-D70F-4C02-A38B-F7C0DB38788B}.Debug|x86.ActiveCfg = Debug|Any CPU
		{9194D736-D70F-4C02-A38B-F7C0DB38788B}.Debug|x86.Build.0 = Debug|Any CPU
		{9194D736-D70F-4C02-A38B-F7C0DB38788B}.Release|Any CPU.ActiveCfg = Release|Any CPU
		{9194D736-D70F-4C02-A38B-F7C0DB38788B}.Release|Any CPU.Build.0 = Release|Any CPU
		{9194D736-D70F-4C02-A38B-F7C0DB38788B}.Release|x64.ActiveCfg = Release|Any CPU
		{9194D736-D70F-4C02-A38B-F7C0DB38788B}.Release|x64.Build.0 = Release|Any CPU
		{9194D736-D70F-4C02-A38B-F7C0DB38788B}.Release|x86.ActiveCfg = Release|Any CPU
		{9194D736-D70F-4C02-A38B-F7C0DB38788B}.Release|x86.Build.0 = Release|Any CPU
		{3CEE35A8-FE87-46F7-9B38-5A6C28CE176A}.Debug|Any CPU.ActiveCfg = Debug|Any CPU
		{3CEE35A8-FE87-46F7-9B38-5A6C28CE176A}.Debug|Any CPU.Build.0 = Debug|Any CPU
		{3CEE35A8-FE87-46F7-9B38-5A6C28CE176A}.Debug|x64.ActiveCfg = Debug|Any CPU
		{3CEE35A8-FE87-46F7-9B38-5A6C28CE176A}.Debug|x64.Build.0 = Debug|Any CPU
		{3CEE35A8-FE87-46F7-9B38-5A6C28CE176A}.Debug|x86.ActiveCfg = Debug|Any CPU
		{3CEE35A8-FE87-46F7-9B38-5A6C28CE176A}.Debug|x86.Build.0 = Debug|Any CPU
		{3CEE35A8-FE87-46F7-9B38-5A6C28CE176A}.Release|Any CPU.ActiveCfg = Release|Any CPU
		{3CEE35A8-FE87-46F7-9B38-5A6C28CE176A}.Release|Any CPU.Build.0 = Release|Any CPU
		{3CEE35A8-FE87-46F7-9B38-5A6C28CE176A}.Release|x64.ActiveCfg = Release|Any CPU
		{3CEE35A8-FE87-46F7-9B38-5A6C28CE176A}.Release|x64.Build.0 = Release|Any CPU
		{3CEE35A8-FE87-46F7-9B38-5A6C28CE176A}.Release|x86.ActiveCfg = Release|Any CPU
		{3CEE35A8-FE87-46F7-9B38-5A6C28CE176A}.Release|x86.Build.0 = Release|Any CPU
		{162A2960-9663-4650-91B9-69C2CE0283E7}.Debug|Any CPU.ActiveCfg = Debug|Any CPU
		{162A2960-9663-4650-91B9-69C2CE0283E7}.Debug|Any CPU.Build.0 = Debug|Any CPU
		{162A2960-9663-4650-91B9-69C2CE0283E7}.Debug|x64.ActiveCfg = Debug|Any CPU
		{162A2960-9663-4650-91B9-69C2CE0283E7}.Debug|x64.Build.0 = Debug|Any CPU
		{162A2960-9663-4650-91B9-69C2CE0283E7}.Debug|x86.ActiveCfg = Debug|Any CPU
		{162A2960-9663-4650-91B9-69C2CE0283E7}.Debug|x86.Build.0 = Debug|Any CPU
		{162A2960-9663-4650-91B9-69C2CE0283E7}.Release|Any CPU.ActiveCfg = Release|Any CPU
		{162A2960-9663-4650-91B9-69C2CE0283E7}.Release|Any CPU.Build.0 = Release|Any CPU
		{162A2960-9663-4650-91B9-69C2CE0283E7}.Release|x64.ActiveCfg = Release|Any CPU
		{162A2960-9663-4650-91B9-69C2CE0283E7}.Release|x64.Build.0 = Release|Any CPU
		{162A2960-9663-4650-91B9-69C2CE0283E7}.Release|x86.ActiveCfg = Release|Any CPU
		{162A2960-9663-4650-91B9-69C2CE0283E7}.Release|x86.Build.0 = Release|Any CPU
		{C66136CE-3A93-46A6-9153-AFF0BF6AD1DA}.Debug|Any CPU.ActiveCfg = Debug|Any CPU
		{C66136CE-3A93-46A6-9153-AFF0BF6AD1DA}.Debug|Any CPU.Build.0 = Debug|Any CPU
		{C66136CE-3A93-46A6-9153-AFF0BF6AD1DA}.Debug|x64.ActiveCfg = Debug|Any CPU
		{C66136CE-3A93-46A6-9153-AFF0BF6AD1DA}.Debug|x64.Build.0 = Debug|Any CPU
		{C66136CE-3A93-46A6-9153-AFF0BF6AD1DA}.Debug|x86.ActiveCfg = Debug|Any CPU
		{C66136CE-3A93-46A6-9153-AFF0BF6AD1DA}.Debug|x86.Build.0 = Debug|Any CPU
		{C66136CE-3A93-46A6-9153-AFF0BF6AD1DA}.Release|Any CPU.ActiveCfg = Release|Any CPU
		{C66136CE-3A93-46A6-9153-AFF0BF6AD1DA}.Release|Any CPU.Build.0 = Release|Any CPU
		{C66136CE-3A93-46A6-9153-AFF0BF6AD1DA}.Release|x64.ActiveCfg = Release|Any CPU
		{C66136CE-3A93-46A6-9153-AFF0BF6AD1DA}.Release|x64.Build.0 = Release|Any CPU
		{C66136CE-3A93-46A6-9153-AFF0BF6AD1DA}.Release|x86.ActiveCfg = Release|Any CPU
		{C66136CE-3A93-46A6-9153-AFF0BF6AD1DA}.Release|x86.Build.0 = Release|Any CPU
		{51660FD5-1869-4C04-90F9-DADAB3DB9E25}.Debug|Any CPU.ActiveCfg = Debug|Any CPU
		{51660FD5-1869-4C04-90F9-DADAB3DB9E25}.Debug|Any CPU.Build.0 = Debug|Any CPU
		{51660FD5-1869-4C04-90F9-DADAB3DB9E25}.Debug|x64.ActiveCfg = Debug|Any CPU
		{51660FD5-1869-4C04-90F9-DADAB3DB9E25}.Debug|x64.Build.0 = Debug|Any CPU
		{51660FD5-1869-4C04-90F9-DADAB3DB9E25}.Debug|x86.ActiveCfg = Debug|Any CPU
		{51660FD5-1869-4C04-90F9-DADAB3DB9E25}.Debug|x86.Build.0 = Debug|Any CPU
		{51660FD5-1869-4C04-90F9-DADAB3DB9E25}.Release|Any CPU.ActiveCfg = Release|Any CPU
		{51660FD5-1869-4C04-90F9-DADAB3DB9E25}.Release|Any CPU.Build.0 = Release|Any CPU
		{51660FD5-1869-4C04-90F9-DADAB3DB9E25}.Release|x64.ActiveCfg = Release|Any CPU
		{51660FD5-1869-4C04-90F9-DADAB3DB9E25}.Release|x64.Build.0 = Release|Any CPU
		{51660FD5-1869-4C04-90F9-DADAB3DB9E25}.Release|x86.ActiveCfg = Release|Any CPU
		{51660FD5-1869-4C04-90F9-DADAB3DB9E25}.Release|x86.Build.0 = Release|Any CPU
		{CABFA89E-B4DC-40DB-847B-9FF9DDCFE98C}.Debug|Any CPU.ActiveCfg = Debug|Any CPU
		{CABFA89E-B4DC-40DB-847B-9FF9DDCFE98C}.Debug|Any CPU.Build.0 = Debug|Any CPU
		{CABFA89E-B4DC-40DB-847B-9FF9DDCFE98C}.Debug|x64.ActiveCfg = Debug|Any CPU
		{CABFA89E-B4DC-40DB-847B-9FF9DDCFE98C}.Debug|x64.Build.0 = Debug|Any CPU
		{CABFA89E-B4DC-40DB-847B-9FF9DDCFE98C}.Debug|x86.ActiveCfg = Debug|Any CPU
		{CABFA89E-B4DC-40DB-847B-9FF9DDCFE98C}.Debug|x86.Build.0 = Debug|Any CPU
		{CABFA89E-B4DC-40DB-847B-9FF9DDCFE98C}.Release|Any CPU.ActiveCfg = Release|Any CPU
		{CABFA89E-B4DC-40DB-847B-9FF9DDCFE98C}.Release|Any CPU.Build.0 = Release|Any CPU
		{CABFA89E-B4DC-40DB-847B-9FF9DDCFE98C}.Release|x64.ActiveCfg = Release|Any CPU
		{CABFA89E-B4DC-40DB-847B-9FF9DDCFE98C}.Release|x64.Build.0 = Release|Any CPU
		{CABFA89E-B4DC-40DB-847B-9FF9DDCFE98C}.Release|x86.ActiveCfg = Release|Any CPU
		{CABFA89E-B4DC-40DB-847B-9FF9DDCFE98C}.Release|x86.Build.0 = Release|Any CPU
		{9740E725-AD7A-4F6C-AA7E-A207805CE28D}.Debug|Any CPU.ActiveCfg = Debug|Any CPU
		{9740E725-AD7A-4F6C-AA7E-A207805CE28D}.Debug|Any CPU.Build.0 = Debug|Any CPU
		{9740E725-AD7A-4F6C-AA7E-A207805CE28D}.Debug|x64.ActiveCfg = Debug|Any CPU
		{9740E725-AD7A-4F6C-AA7E-A207805CE28D}.Debug|x64.Build.0 = Debug|Any CPU
		{9740E725-AD7A-4F6C-AA7E-A207805CE28D}.Debug|x86.ActiveCfg = Debug|Any CPU
		{9740E725-AD7A-4F6C-AA7E-A207805CE28D}.Debug|x86.Build.0 = Debug|Any CPU
		{9740E725-AD7A-4F6C-AA7E-A207805CE28D}.Release|Any CPU.ActiveCfg = Release|Any CPU
		{9740E725-AD7A-4F6C-AA7E-A207805CE28D}.Release|Any CPU.Build.0 = Release|Any CPU
		{9740E725-AD7A-4F6C-AA7E-A207805CE28D}.Release|x64.ActiveCfg = Release|Any CPU
		{9740E725-AD7A-4F6C-AA7E-A207805CE28D}.Release|x64.Build.0 = Release|Any CPU
		{9740E725-AD7A-4F6C-AA7E-A207805CE28D}.Release|x86.ActiveCfg = Release|Any CPU
		{9740E725-AD7A-4F6C-AA7E-A207805CE28D}.Release|x86.Build.0 = Release|Any CPU
		{020E2586-334E-4215-8995-C7C9B52B4986}.Debug|Any CPU.ActiveCfg = Debug|Any CPU
		{020E2586-334E-4215-8995-C7C9B52B4986}.Debug|Any CPU.Build.0 = Debug|Any CPU
		{020E2586-334E-4215-8995-C7C9B52B4986}.Debug|x64.ActiveCfg = Debug|Any CPU
		{020E2586-334E-4215-8995-C7C9B52B4986}.Debug|x64.Build.0 = Debug|Any CPU
		{020E2586-334E-4215-8995-C7C9B52B4986}.Debug|x86.ActiveCfg = Debug|Any CPU
		{020E2586-334E-4215-8995-C7C9B52B4986}.Debug|x86.Build.0 = Debug|Any CPU
		{020E2586-334E-4215-8995-C7C9B52B4986}.Release|Any CPU.ActiveCfg = Release|Any CPU
		{020E2586-334E-4215-8995-C7C9B52B4986}.Release|Any CPU.Build.0 = Release|Any CPU
		{020E2586-334E-4215-8995-C7C9B52B4986}.Release|x64.ActiveCfg = Release|Any CPU
		{020E2586-334E-4215-8995-C7C9B52B4986}.Release|x64.Build.0 = Release|Any CPU
		{020E2586-334E-4215-8995-C7C9B52B4986}.Release|x86.ActiveCfg = Release|Any CPU
		{020E2586-334E-4215-8995-C7C9B52B4986}.Release|x86.Build.0 = Release|Any CPU
		{461299E4-6A6E-4F20-A754-65595C9EA455}.Debug|Any CPU.ActiveCfg = Debug|Any CPU
		{461299E4-6A6E-4F20-A754-65595C9EA455}.Debug|Any CPU.Build.0 = Debug|Any CPU
		{461299E4-6A6E-4F20-A754-65595C9EA455}.Debug|x64.ActiveCfg = Debug|Any CPU
		{461299E4-6A6E-4F20-A754-65595C9EA455}.Debug|x64.Build.0 = Debug|Any CPU
		{461299E4-6A6E-4F20-A754-65595C9EA455}.Debug|x86.ActiveCfg = Debug|Any CPU
		{461299E4-6A6E-4F20-A754-65595C9EA455}.Debug|x86.Build.0 = Debug|Any CPU
		{461299E4-6A6E-4F20-A754-65595C9EA455}.Release|Any CPU.ActiveCfg = Release|Any CPU
		{461299E4-6A6E-4F20-A754-65595C9EA455}.Release|Any CPU.Build.0 = Release|Any CPU
		{461299E4-6A6E-4F20-A754-65595C9EA455}.Release|x64.ActiveCfg = Release|Any CPU
		{461299E4-6A6E-4F20-A754-65595C9EA455}.Release|x64.Build.0 = Release|Any CPU
		{461299E4-6A6E-4F20-A754-65595C9EA455}.Release|x86.ActiveCfg = Release|Any CPU
		{461299E4-6A6E-4F20-A754-65595C9EA455}.Release|x86.Build.0 = Release|Any CPU
		{CBB1201F-1983-42C0-8DC5-075FC08E0F7E}.Debug|Any CPU.ActiveCfg = Debug|Any CPU
		{CBB1201F-1983-42C0-8DC5-075FC08E0F7E}.Debug|Any CPU.Build.0 = Debug|Any CPU
		{CBB1201F-1983-42C0-8DC5-075FC08E0F7E}.Debug|x64.ActiveCfg = Debug|Any CPU
		{CBB1201F-1983-42C0-8DC5-075FC08E0F7E}.Debug|x64.Build.0 = Debug|Any CPU
		{CBB1201F-1983-42C0-8DC5-075FC08E0F7E}.Debug|x86.ActiveCfg = Debug|Any CPU
		{CBB1201F-1983-42C0-8DC5-075FC08E0F7E}.Debug|x86.Build.0 = Debug|Any CPU
		{CBB1201F-1983-42C0-8DC5-075FC08E0F7E}.Release|Any CPU.ActiveCfg = Release|Any CPU
		{CBB1201F-1983-42C0-8DC5-075FC08E0F7E}.Release|Any CPU.Build.0 = Release|Any CPU
		{CBB1201F-1983-42C0-8DC5-075FC08E0F7E}.Release|x64.ActiveCfg = Release|Any CPU
		{CBB1201F-1983-42C0-8DC5-075FC08E0F7E}.Release|x64.Build.0 = Release|Any CPU
		{CBB1201F-1983-42C0-8DC5-075FC08E0F7E}.Release|x86.ActiveCfg = Release|Any CPU
		{CBB1201F-1983-42C0-8DC5-075FC08E0F7E}.Release|x86.Build.0 = Release|Any CPU
		{6EBB186B-2645-426F-B534-220F352FF742}.Debug|Any CPU.ActiveCfg = Debug|Any CPU
		{6EBB186B-2645-426F-B534-220F352FF742}.Debug|Any CPU.Build.0 = Debug|Any CPU
		{6EBB186B-2645-426F-B534-220F352FF742}.Debug|x64.ActiveCfg = Debug|Any CPU
		{6EBB186B-2645-426F-B534-220F352FF742}.Debug|x64.Build.0 = Debug|Any CPU
		{6EBB186B-2645-426F-B534-220F352FF742}.Debug|x86.ActiveCfg = Debug|Any CPU
		{6EBB186B-2645-426F-B534-220F352FF742}.Debug|x86.Build.0 = Debug|Any CPU
		{6EBB186B-2645-426F-B534-220F352FF742}.Release|Any CPU.ActiveCfg = Release|Any CPU
		{6EBB186B-2645-426F-B534-220F352FF742}.Release|Any CPU.Build.0 = Release|Any CPU
		{6EBB186B-2645-426F-B534-220F352FF742}.Release|x64.ActiveCfg = Release|Any CPU
		{6EBB186B-2645-426F-B534-220F352FF742}.Release|x64.Build.0 = Release|Any CPU
		{6EBB186B-2645-426F-B534-220F352FF742}.Release|x86.ActiveCfg = Release|Any CPU
		{6EBB186B-2645-426F-B534-220F352FF742}.Release|x86.Build.0 = Release|Any CPU
		{FF925892-3218-4854-965C-414EB48F7287}.Debug|Any CPU.ActiveCfg = Debug|Any CPU
		{FF925892-3218-4854-965C-414EB48F7287}.Debug|Any CPU.Build.0 = Debug|Any CPU
		{FF925892-3218-4854-965C-414EB48F7287}.Debug|x64.ActiveCfg = Debug|Any CPU
		{FF925892-3218-4854-965C-414EB48F7287}.Debug|x64.Build.0 = Debug|Any CPU
		{FF925892-3218-4854-965C-414EB48F7287}.Debug|x86.ActiveCfg = Debug|Any CPU
		{FF925892-3218-4854-965C-414EB48F7287}.Debug|x86.Build.0 = Debug|Any CPU
		{FF925892-3218-4854-965C-414EB48F7287}.Release|Any CPU.ActiveCfg = Release|Any CPU
		{FF925892-3218-4854-965C-414EB48F7287}.Release|Any CPU.Build.0 = Release|Any CPU
		{FF925892-3218-4854-965C-414EB48F7287}.Release|x64.ActiveCfg = Release|Any CPU
		{FF925892-3218-4854-965C-414EB48F7287}.Release|x64.Build.0 = Release|Any CPU
		{FF925892-3218-4854-965C-414EB48F7287}.Release|x86.ActiveCfg = Release|Any CPU
		{FF925892-3218-4854-965C-414EB48F7287}.Release|x86.Build.0 = Release|Any CPU
		{2C62487C-6EDC-4407-B761-704122BC9655}.Debug|Any CPU.ActiveCfg = Debug|Any CPU
		{2C62487C-6EDC-4407-B761-704122BC9655}.Debug|Any CPU.Build.0 = Debug|Any CPU
		{2C62487C-6EDC-4407-B761-704122BC9655}.Debug|x64.ActiveCfg = Debug|Any CPU
		{2C62487C-6EDC-4407-B761-704122BC9655}.Debug|x64.Build.0 = Debug|Any CPU
		{2C62487C-6EDC-4407-B761-704122BC9655}.Debug|x86.ActiveCfg = Debug|Any CPU
		{2C62487C-6EDC-4407-B761-704122BC9655}.Debug|x86.Build.0 = Debug|Any CPU
		{2C62487C-6EDC-4407-B761-704122BC9655}.Release|Any CPU.ActiveCfg = Release|Any CPU
		{2C62487C-6EDC-4407-B761-704122BC9655}.Release|Any CPU.Build.0 = Release|Any CPU
		{2C62487C-6EDC-4407-B761-704122BC9655}.Release|x64.ActiveCfg = Release|Any CPU
		{2C62487C-6EDC-4407-B761-704122BC9655}.Release|x64.Build.0 = Release|Any CPU
		{2C62487C-6EDC-4407-B761-704122BC9655}.Release|x86.ActiveCfg = Release|Any CPU
		{2C62487C-6EDC-4407-B761-704122BC9655}.Release|x86.Build.0 = Release|Any CPU
		{8DE9C4E5-B212-44C9-984D-67A649106E69}.Debug|Any CPU.ActiveCfg = Debug|Any CPU
		{8DE9C4E5-B212-44C9-984D-67A649106E69}.Debug|Any CPU.Build.0 = Debug|Any CPU
		{8DE9C4E5-B212-44C9-984D-67A649106E69}.Debug|x64.ActiveCfg = Debug|Any CPU
		{8DE9C4E5-B212-44C9-984D-67A649106E69}.Debug|x64.Build.0 = Debug|Any CPU
		{8DE9C4E5-B212-44C9-984D-67A649106E69}.Debug|x86.ActiveCfg = Debug|Any CPU
		{8DE9C4E5-B212-44C9-984D-67A649106E69}.Debug|x86.Build.0 = Debug|Any CPU
		{8DE9C4E5-B212-44C9-984D-67A649106E69}.Release|Any CPU.ActiveCfg = Release|Any CPU
		{8DE9C4E5-B212-44C9-984D-67A649106E69}.Release|Any CPU.Build.0 = Release|Any CPU
		{8DE9C4E5-B212-44C9-984D-67A649106E69}.Release|x64.ActiveCfg = Release|Any CPU
		{8DE9C4E5-B212-44C9-984D-67A649106E69}.Release|x64.Build.0 = Release|Any CPU
		{8DE9C4E5-B212-44C9-984D-67A649106E69}.Release|x86.ActiveCfg = Release|Any CPU
		{8DE9C4E5-B212-44C9-984D-67A649106E69}.Release|x86.Build.0 = Release|Any CPU
		{FFDE4714-E89E-4E10-BF6A-834320371A1A}.Debug|Any CPU.ActiveCfg = Debug|Any CPU
		{FFDE4714-E89E-4E10-BF6A-834320371A1A}.Debug|Any CPU.Build.0 = Debug|Any CPU
		{FFDE4714-E89E-4E10-BF6A-834320371A1A}.Debug|x64.ActiveCfg = Debug|Any CPU
		{FFDE4714-E89E-4E10-BF6A-834320371A1A}.Debug|x64.Build.0 = Debug|Any CPU
		{FFDE4714-E89E-4E10-BF6A-834320371A1A}.Debug|x86.ActiveCfg = Debug|Any CPU
		{FFDE4714-E89E-4E10-BF6A-834320371A1A}.Debug|x86.Build.0 = Debug|Any CPU
		{FFDE4714-E89E-4E10-BF6A-834320371A1A}.Release|Any CPU.ActiveCfg = Release|Any CPU
		{FFDE4714-E89E-4E10-BF6A-834320371A1A}.Release|Any CPU.Build.0 = Release|Any CPU
		{FFDE4714-E89E-4E10-BF6A-834320371A1A}.Release|x64.ActiveCfg = Release|Any CPU
		{FFDE4714-E89E-4E10-BF6A-834320371A1A}.Release|x64.Build.0 = Release|Any CPU
		{FFDE4714-E89E-4E10-BF6A-834320371A1A}.Release|x86.ActiveCfg = Release|Any CPU
		{FFDE4714-E89E-4E10-BF6A-834320371A1A}.Release|x86.Build.0 = Release|Any CPU
		{7DE687F4-901E-43AD-AE68-F335511D2C82}.Debug|Any CPU.ActiveCfg = Debug|Any CPU
		{7DE687F4-901E-43AD-AE68-F335511D2C82}.Debug|Any CPU.Build.0 = Debug|Any CPU
		{7DE687F4-901E-43AD-AE68-F335511D2C82}.Debug|x64.ActiveCfg = Debug|Any CPU
		{7DE687F4-901E-43AD-AE68-F335511D2C82}.Debug|x64.Build.0 = Debug|Any CPU
		{7DE687F4-901E-43AD-AE68-F335511D2C82}.Debug|x86.ActiveCfg = Debug|Any CPU
		{7DE687F4-901E-43AD-AE68-F335511D2C82}.Debug|x86.Build.0 = Debug|Any CPU
		{7DE687F4-901E-43AD-AE68-F335511D2C82}.Release|Any CPU.ActiveCfg = Release|Any CPU
		{7DE687F4-901E-43AD-AE68-F335511D2C82}.Release|Any CPU.Build.0 = Release|Any CPU
		{7DE687F4-901E-43AD-AE68-F335511D2C82}.Release|x64.ActiveCfg = Release|Any CPU
		{7DE687F4-901E-43AD-AE68-F335511D2C82}.Release|x64.Build.0 = Release|Any CPU
		{7DE687F4-901E-43AD-AE68-F335511D2C82}.Release|x86.ActiveCfg = Release|Any CPU
		{7DE687F4-901E-43AD-AE68-F335511D2C82}.Release|x86.Build.0 = Release|Any CPU
		{F4A5443C-A3A4-4CDC-819F-22A26D2A89CE}.Debug|Any CPU.ActiveCfg = Debug|Any CPU
		{F4A5443C-A3A4-4CDC-819F-22A26D2A89CE}.Debug|Any CPU.Build.0 = Debug|Any CPU
		{F4A5443C-A3A4-4CDC-819F-22A26D2A89CE}.Debug|x64.ActiveCfg = Debug|Any CPU
		{F4A5443C-A3A4-4CDC-819F-22A26D2A89CE}.Debug|x64.Build.0 = Debug|Any CPU
		{F4A5443C-A3A4-4CDC-819F-22A26D2A89CE}.Debug|x86.ActiveCfg = Debug|Any CPU
		{F4A5443C-A3A4-4CDC-819F-22A26D2A89CE}.Debug|x86.Build.0 = Debug|Any CPU
		{F4A5443C-A3A4-4CDC-819F-22A26D2A89CE}.Release|Any CPU.ActiveCfg = Release|Any CPU
		{F4A5443C-A3A4-4CDC-819F-22A26D2A89CE}.Release|Any CPU.Build.0 = Release|Any CPU
		{F4A5443C-A3A4-4CDC-819F-22A26D2A89CE}.Release|x64.ActiveCfg = Release|Any CPU
		{F4A5443C-A3A4-4CDC-819F-22A26D2A89CE}.Release|x64.Build.0 = Release|Any CPU
		{F4A5443C-A3A4-4CDC-819F-22A26D2A89CE}.Release|x86.ActiveCfg = Release|Any CPU
		{F4A5443C-A3A4-4CDC-819F-22A26D2A89CE}.Release|x86.Build.0 = Release|Any CPU
		{402C309C-F646-4DF1-B87D-FCB7F909F2C6}.Debug|Any CPU.ActiveCfg = Debug|Any CPU
		{402C309C-F646-4DF1-B87D-FCB7F909F2C6}.Debug|Any CPU.Build.0 = Debug|Any CPU
		{402C309C-F646-4DF1-B87D-FCB7F909F2C6}.Debug|x64.ActiveCfg = Debug|Any CPU
		{402C309C-F646-4DF1-B87D-FCB7F909F2C6}.Debug|x64.Build.0 = Debug|Any CPU
		{402C309C-F646-4DF1-B87D-FCB7F909F2C6}.Debug|x86.ActiveCfg = Debug|Any CPU
		{402C309C-F646-4DF1-B87D-FCB7F909F2C6}.Debug|x86.Build.0 = Debug|Any CPU
		{402C309C-F646-4DF1-B87D-FCB7F909F2C6}.Release|Any CPU.ActiveCfg = Release|Any CPU
		{402C309C-F646-4DF1-B87D-FCB7F909F2C6}.Release|Any CPU.Build.0 = Release|Any CPU
		{402C309C-F646-4DF1-B87D-FCB7F909F2C6}.Release|x64.ActiveCfg = Release|Any CPU
		{402C309C-F646-4DF1-B87D-FCB7F909F2C6}.Release|x64.Build.0 = Release|Any CPU
		{402C309C-F646-4DF1-B87D-FCB7F909F2C6}.Release|x86.ActiveCfg = Release|Any CPU
		{402C309C-F646-4DF1-B87D-FCB7F909F2C6}.Release|x86.Build.0 = Release|Any CPU
		{D8E5022F-B4F5-4C2C-9B47-91068F71DC40}.Debug|Any CPU.ActiveCfg = Debug|Any CPU
		{D8E5022F-B4F5-4C2C-9B47-91068F71DC40}.Debug|Any CPU.Build.0 = Debug|Any CPU
		{D8E5022F-B4F5-4C2C-9B47-91068F71DC40}.Debug|x64.ActiveCfg = Debug|Any CPU
		{D8E5022F-B4F5-4C2C-9B47-91068F71DC40}.Debug|x64.Build.0 = Debug|Any CPU
		{D8E5022F-B4F5-4C2C-9B47-91068F71DC40}.Debug|x86.ActiveCfg = Debug|Any CPU
		{D8E5022F-B4F5-4C2C-9B47-91068F71DC40}.Debug|x86.Build.0 = Debug|Any CPU
		{D8E5022F-B4F5-4C2C-9B47-91068F71DC40}.Release|Any CPU.ActiveCfg = Release|Any CPU
		{D8E5022F-B4F5-4C2C-9B47-91068F71DC40}.Release|Any CPU.Build.0 = Release|Any CPU
		{D8E5022F-B4F5-4C2C-9B47-91068F71DC40}.Release|x64.ActiveCfg = Release|Any CPU
		{D8E5022F-B4F5-4C2C-9B47-91068F71DC40}.Release|x64.Build.0 = Release|Any CPU
		{D8E5022F-B4F5-4C2C-9B47-91068F71DC40}.Release|x86.ActiveCfg = Release|Any CPU
		{D8E5022F-B4F5-4C2C-9B47-91068F71DC40}.Release|x86.Build.0 = Release|Any CPU
		{A3FE6FAE-BCF3-47C7-B8A9-03FFFB9D51D5}.Debug|Any CPU.ActiveCfg = Debug|Any CPU
		{A3FE6FAE-BCF3-47C7-B8A9-03FFFB9D51D5}.Debug|Any CPU.Build.0 = Debug|Any CPU
		{A3FE6FAE-BCF3-47C7-B8A9-03FFFB9D51D5}.Debug|x64.ActiveCfg = Debug|Any CPU
		{A3FE6FAE-BCF3-47C7-B8A9-03FFFB9D51D5}.Debug|x64.Build.0 = Debug|Any CPU
		{A3FE6FAE-BCF3-47C7-B8A9-03FFFB9D51D5}.Debug|x86.ActiveCfg = Debug|Any CPU
		{A3FE6FAE-BCF3-47C7-B8A9-03FFFB9D51D5}.Debug|x86.Build.0 = Debug|Any CPU
		{A3FE6FAE-BCF3-47C7-B8A9-03FFFB9D51D5}.Release|Any CPU.ActiveCfg = Release|Any CPU
		{A3FE6FAE-BCF3-47C7-B8A9-03FFFB9D51D5}.Release|Any CPU.Build.0 = Release|Any CPU
		{A3FE6FAE-BCF3-47C7-B8A9-03FFFB9D51D5}.Release|x64.ActiveCfg = Release|Any CPU
		{A3FE6FAE-BCF3-47C7-B8A9-03FFFB9D51D5}.Release|x64.Build.0 = Release|Any CPU
		{A3FE6FAE-BCF3-47C7-B8A9-03FFFB9D51D5}.Release|x86.ActiveCfg = Release|Any CPU
		{A3FE6FAE-BCF3-47C7-B8A9-03FFFB9D51D5}.Release|x86.Build.0 = Release|Any CPU
		{3DBDFB3C-36B0-4458-B312-D32666D05DDA}.Debug|Any CPU.ActiveCfg = Debug|Any CPU
		{3DBDFB3C-36B0-4458-B312-D32666D05DDA}.Debug|Any CPU.Build.0 = Debug|Any CPU
		{3DBDFB3C-36B0-4458-B312-D32666D05DDA}.Debug|x64.ActiveCfg = Debug|Any CPU
		{3DBDFB3C-36B0-4458-B312-D32666D05DDA}.Debug|x64.Build.0 = Debug|Any CPU
		{3DBDFB3C-36B0-4458-B312-D32666D05DDA}.Debug|x86.ActiveCfg = Debug|Any CPU
		{3DBDFB3C-36B0-4458-B312-D32666D05DDA}.Debug|x86.Build.0 = Debug|Any CPU
		{3DBDFB3C-36B0-4458-B312-D32666D05DDA}.Release|Any CPU.ActiveCfg = Release|Any CPU
		{3DBDFB3C-36B0-4458-B312-D32666D05DDA}.Release|Any CPU.Build.0 = Release|Any CPU
		{3DBDFB3C-36B0-4458-B312-D32666D05DDA}.Release|x64.ActiveCfg = Release|Any CPU
		{3DBDFB3C-36B0-4458-B312-D32666D05DDA}.Release|x64.Build.0 = Release|Any CPU
		{3DBDFB3C-36B0-4458-B312-D32666D05DDA}.Release|x86.ActiveCfg = Release|Any CPU
		{3DBDFB3C-36B0-4458-B312-D32666D05DDA}.Release|x86.Build.0 = Release|Any CPU
		{CCB55052-00BE-4DB6-BCEB-7BE58267B93F}.Debug|Any CPU.ActiveCfg = Debug|Any CPU
		{CCB55052-00BE-4DB6-BCEB-7BE58267B93F}.Debug|Any CPU.Build.0 = Debug|Any CPU
		{CCB55052-00BE-4DB6-BCEB-7BE58267B93F}.Debug|x64.ActiveCfg = Debug|Any CPU
		{CCB55052-00BE-4DB6-BCEB-7BE58267B93F}.Debug|x64.Build.0 = Debug|Any CPU
		{CCB55052-00BE-4DB6-BCEB-7BE58267B93F}.Debug|x86.ActiveCfg = Debug|Any CPU
		{CCB55052-00BE-4DB6-BCEB-7BE58267B93F}.Debug|x86.Build.0 = Debug|Any CPU
		{CCB55052-00BE-4DB6-BCEB-7BE58267B93F}.Release|Any CPU.ActiveCfg = Release|Any CPU
		{CCB55052-00BE-4DB6-BCEB-7BE58267B93F}.Release|Any CPU.Build.0 = Release|Any CPU
		{CCB55052-00BE-4DB6-BCEB-7BE58267B93F}.Release|x64.ActiveCfg = Release|Any CPU
		{CCB55052-00BE-4DB6-BCEB-7BE58267B93F}.Release|x64.Build.0 = Release|Any CPU
		{CCB55052-00BE-4DB6-BCEB-7BE58267B93F}.Release|x86.ActiveCfg = Release|Any CPU
		{CCB55052-00BE-4DB6-BCEB-7BE58267B93F}.Release|x86.Build.0 = Release|Any CPU
		{DE78990D-E144-4998-A43A-5FC9F5D461EB}.Debug|Any CPU.ActiveCfg = Debug|Any CPU
		{DE78990D-E144-4998-A43A-5FC9F5D461EB}.Debug|Any CPU.Build.0 = Debug|Any CPU
		{DE78990D-E144-4998-A43A-5FC9F5D461EB}.Debug|x64.ActiveCfg = Debug|Any CPU
		{DE78990D-E144-4998-A43A-5FC9F5D461EB}.Debug|x64.Build.0 = Debug|Any CPU
		{DE78990D-E144-4998-A43A-5FC9F5D461EB}.Debug|x86.ActiveCfg = Debug|Any CPU
		{DE78990D-E144-4998-A43A-5FC9F5D461EB}.Debug|x86.Build.0 = Debug|Any CPU
		{DE78990D-E144-4998-A43A-5FC9F5D461EB}.Release|Any CPU.ActiveCfg = Release|Any CPU
		{DE78990D-E144-4998-A43A-5FC9F5D461EB}.Release|Any CPU.Build.0 = Release|Any CPU
		{DE78990D-E144-4998-A43A-5FC9F5D461EB}.Release|x64.ActiveCfg = Release|Any CPU
		{DE78990D-E144-4998-A43A-5FC9F5D461EB}.Release|x64.Build.0 = Release|Any CPU
		{DE78990D-E144-4998-A43A-5FC9F5D461EB}.Release|x86.ActiveCfg = Release|Any CPU
		{DE78990D-E144-4998-A43A-5FC9F5D461EB}.Release|x86.Build.0 = Release|Any CPU
		{2C9482F3-894B-4028-BA85-A94948CC4326}.Debug|Any CPU.ActiveCfg = Debug|Any CPU
		{2C9482F3-894B-4028-BA85-A94948CC4326}.Debug|Any CPU.Build.0 = Debug|Any CPU
		{2C9482F3-894B-4028-BA85-A94948CC4326}.Debug|x64.ActiveCfg = Debug|Any CPU
		{2C9482F3-894B-4028-BA85-A94948CC4326}.Debug|x64.Build.0 = Debug|Any CPU
		{2C9482F3-894B-4028-BA85-A94948CC4326}.Debug|x86.ActiveCfg = Debug|Any CPU
		{2C9482F3-894B-4028-BA85-A94948CC4326}.Debug|x86.Build.0 = Debug|Any CPU
		{2C9482F3-894B-4028-BA85-A94948CC4326}.Release|Any CPU.ActiveCfg = Release|Any CPU
		{2C9482F3-894B-4028-BA85-A94948CC4326}.Release|Any CPU.Build.0 = Release|Any CPU
		{2C9482F3-894B-4028-BA85-A94948CC4326}.Release|x64.ActiveCfg = Release|Any CPU
		{2C9482F3-894B-4028-BA85-A94948CC4326}.Release|x64.Build.0 = Release|Any CPU
		{2C9482F3-894B-4028-BA85-A94948CC4326}.Release|x86.ActiveCfg = Release|Any CPU
		{2C9482F3-894B-4028-BA85-A94948CC4326}.Release|x86.Build.0 = Release|Any CPU
		{7BD30A91-D545-4E1B-B108-29F6DA846956}.Debug|Any CPU.ActiveCfg = Debug|Any CPU
		{7BD30A91-D545-4E1B-B108-29F6DA846956}.Debug|Any CPU.Build.0 = Debug|Any CPU
		{7BD30A91-D545-4E1B-B108-29F6DA846956}.Debug|x64.ActiveCfg = Debug|Any CPU
		{7BD30A91-D545-4E1B-B108-29F6DA846956}.Debug|x64.Build.0 = Debug|Any CPU
		{7BD30A91-D545-4E1B-B108-29F6DA846956}.Debug|x86.ActiveCfg = Debug|Any CPU
		{7BD30A91-D545-4E1B-B108-29F6DA846956}.Debug|x86.Build.0 = Debug|Any CPU
		{7BD30A91-D545-4E1B-B108-29F6DA846956}.Release|Any CPU.ActiveCfg = Release|Any CPU
		{7BD30A91-D545-4E1B-B108-29F6DA846956}.Release|Any CPU.Build.0 = Release|Any CPU
		{7BD30A91-D545-4E1B-B108-29F6DA846956}.Release|x64.ActiveCfg = Release|Any CPU
		{7BD30A91-D545-4E1B-B108-29F6DA846956}.Release|x64.Build.0 = Release|Any CPU
		{7BD30A91-D545-4E1B-B108-29F6DA846956}.Release|x86.ActiveCfg = Release|Any CPU
		{7BD30A91-D545-4E1B-B108-29F6DA846956}.Release|x86.Build.0 = Release|Any CPU
		{A3A3F1C4-562B-4DA2-B398-64201A2DCF88}.Debug|Any CPU.ActiveCfg = Debug|Any CPU
		{A3A3F1C4-562B-4DA2-B398-64201A2DCF88}.Debug|Any CPU.Build.0 = Debug|Any CPU
		{A3A3F1C4-562B-4DA2-B398-64201A2DCF88}.Debug|x64.ActiveCfg = Debug|Any CPU
		{A3A3F1C4-562B-4DA2-B398-64201A2DCF88}.Debug|x64.Build.0 = Debug|Any CPU
		{A3A3F1C4-562B-4DA2-B398-64201A2DCF88}.Debug|x86.ActiveCfg = Debug|Any CPU
		{A3A3F1C4-562B-4DA2-B398-64201A2DCF88}.Debug|x86.Build.0 = Debug|Any CPU
		{A3A3F1C4-562B-4DA2-B398-64201A2DCF88}.Release|Any CPU.ActiveCfg = Release|Any CPU
		{A3A3F1C4-562B-4DA2-B398-64201A2DCF88}.Release|Any CPU.Build.0 = Release|Any CPU
		{A3A3F1C4-562B-4DA2-B398-64201A2DCF88}.Release|x64.ActiveCfg = Release|Any CPU
		{A3A3F1C4-562B-4DA2-B398-64201A2DCF88}.Release|x64.Build.0 = Release|Any CPU
		{A3A3F1C4-562B-4DA2-B398-64201A2DCF88}.Release|x86.ActiveCfg = Release|Any CPU
		{A3A3F1C4-562B-4DA2-B398-64201A2DCF88}.Release|x86.Build.0 = Release|Any CPU
		{34D1CFEE-320D-46A2-B89F-8FDD45508F9C}.Debug|Any CPU.ActiveCfg = Debug|Any CPU
		{34D1CFEE-320D-46A2-B89F-8FDD45508F9C}.Debug|Any CPU.Build.0 = Debug|Any CPU
		{34D1CFEE-320D-46A2-B89F-8FDD45508F9C}.Debug|x64.ActiveCfg = Debug|Any CPU
		{34D1CFEE-320D-46A2-B89F-8FDD45508F9C}.Debug|x64.Build.0 = Debug|Any CPU
		{34D1CFEE-320D-46A2-B89F-8FDD45508F9C}.Debug|x86.ActiveCfg = Debug|Any CPU
		{34D1CFEE-320D-46A2-B89F-8FDD45508F9C}.Debug|x86.Build.0 = Debug|Any CPU
		{34D1CFEE-320D-46A2-B89F-8FDD45508F9C}.Release|Any CPU.ActiveCfg = Release|Any CPU
		{34D1CFEE-320D-46A2-B89F-8FDD45508F9C}.Release|Any CPU.Build.0 = Release|Any CPU
		{34D1CFEE-320D-46A2-B89F-8FDD45508F9C}.Release|x64.ActiveCfg = Release|Any CPU
		{34D1CFEE-320D-46A2-B89F-8FDD45508F9C}.Release|x64.Build.0 = Release|Any CPU
		{34D1CFEE-320D-46A2-B89F-8FDD45508F9C}.Release|x86.ActiveCfg = Release|Any CPU
		{34D1CFEE-320D-46A2-B89F-8FDD45508F9C}.Release|x86.Build.0 = Release|Any CPU
		{1750C8B9-49EB-4C8E-8102-A19223CB1FB5}.Debug|Any CPU.ActiveCfg = Debug|Any CPU
		{1750C8B9-49EB-4C8E-8102-A19223CB1FB5}.Debug|Any CPU.Build.0 = Debug|Any CPU
		{1750C8B9-49EB-4C8E-8102-A19223CB1FB5}.Debug|x64.ActiveCfg = Debug|Any CPU
		{1750C8B9-49EB-4C8E-8102-A19223CB1FB5}.Debug|x64.Build.0 = Debug|Any CPU
		{1750C8B9-49EB-4C8E-8102-A19223CB1FB5}.Debug|x86.ActiveCfg = Debug|Any CPU
		{1750C8B9-49EB-4C8E-8102-A19223CB1FB5}.Debug|x86.Build.0 = Debug|Any CPU
		{1750C8B9-49EB-4C8E-8102-A19223CB1FB5}.Release|Any CPU.ActiveCfg = Release|Any CPU
		{1750C8B9-49EB-4C8E-8102-A19223CB1FB5}.Release|Any CPU.Build.0 = Release|Any CPU
		{1750C8B9-49EB-4C8E-8102-A19223CB1FB5}.Release|x64.ActiveCfg = Release|Any CPU
		{1750C8B9-49EB-4C8E-8102-A19223CB1FB5}.Release|x64.Build.0 = Release|Any CPU
		{1750C8B9-49EB-4C8E-8102-A19223CB1FB5}.Release|x86.ActiveCfg = Release|Any CPU
		{1750C8B9-49EB-4C8E-8102-A19223CB1FB5}.Release|x86.Build.0 = Release|Any CPU
		{1B20F816-99E0-4A9D-9B53-1778E38BBA29}.Debug|Any CPU.ActiveCfg = Debug|Any CPU
		{1B20F816-99E0-4A9D-9B53-1778E38BBA29}.Debug|Any CPU.Build.0 = Debug|Any CPU
		{1B20F816-99E0-4A9D-9B53-1778E38BBA29}.Debug|x64.ActiveCfg = Debug|Any CPU
		{1B20F816-99E0-4A9D-9B53-1778E38BBA29}.Debug|x64.Build.0 = Debug|Any CPU
		{1B20F816-99E0-4A9D-9B53-1778E38BBA29}.Debug|x86.ActiveCfg = Debug|Any CPU
		{1B20F816-99E0-4A9D-9B53-1778E38BBA29}.Debug|x86.Build.0 = Debug|Any CPU
		{1B20F816-99E0-4A9D-9B53-1778E38BBA29}.Release|Any CPU.ActiveCfg = Release|Any CPU
		{1B20F816-99E0-4A9D-9B53-1778E38BBA29}.Release|Any CPU.Build.0 = Release|Any CPU
		{1B20F816-99E0-4A9D-9B53-1778E38BBA29}.Release|x64.ActiveCfg = Release|Any CPU
		{1B20F816-99E0-4A9D-9B53-1778E38BBA29}.Release|x64.Build.0 = Release|Any CPU
		{1B20F816-99E0-4A9D-9B53-1778E38BBA29}.Release|x86.ActiveCfg = Release|Any CPU
		{1B20F816-99E0-4A9D-9B53-1778E38BBA29}.Release|x86.Build.0 = Release|Any CPU
		{94B70EAF-6BB4-4AFE-8B04-8E30B526DAB8}.Debug|Any CPU.ActiveCfg = Debug|Any CPU
		{94B70EAF-6BB4-4AFE-8B04-8E30B526DAB8}.Debug|Any CPU.Build.0 = Debug|Any CPU
		{94B70EAF-6BB4-4AFE-8B04-8E30B526DAB8}.Debug|x64.ActiveCfg = Debug|Any CPU
		{94B70EAF-6BB4-4AFE-8B04-8E30B526DAB8}.Debug|x64.Build.0 = Debug|Any CPU
		{94B70EAF-6BB4-4AFE-8B04-8E30B526DAB8}.Debug|x86.ActiveCfg = Debug|Any CPU
		{94B70EAF-6BB4-4AFE-8B04-8E30B526DAB8}.Debug|x86.Build.0 = Debug|Any CPU
		{94B70EAF-6BB4-4AFE-8B04-8E30B526DAB8}.Release|Any CPU.ActiveCfg = Release|Any CPU
		{94B70EAF-6BB4-4AFE-8B04-8E30B526DAB8}.Release|Any CPU.Build.0 = Release|Any CPU
		{94B70EAF-6BB4-4AFE-8B04-8E30B526DAB8}.Release|x64.ActiveCfg = Release|Any CPU
		{94B70EAF-6BB4-4AFE-8B04-8E30B526DAB8}.Release|x64.Build.0 = Release|Any CPU
		{94B70EAF-6BB4-4AFE-8B04-8E30B526DAB8}.Release|x86.ActiveCfg = Release|Any CPU
		{94B70EAF-6BB4-4AFE-8B04-8E30B526DAB8}.Release|x86.Build.0 = Release|Any CPU
		{81DDED9D-158B-E303-5F62-77A2896D2A5A}.Debug|Any CPU.ActiveCfg = Debug|Any CPU
		{81DDED9D-158B-E303-5F62-77A2896D2A5A}.Debug|Any CPU.Build.0 = Debug|Any CPU
		{81DDED9D-158B-E303-5F62-77A2896D2A5A}.Debug|x64.ActiveCfg = Debug|Any CPU
		{81DDED9D-158B-E303-5F62-77A2896D2A5A}.Debug|x64.Build.0 = Debug|Any CPU
		{81DDED9D-158B-E303-5F62-77A2896D2A5A}.Debug|x86.ActiveCfg = Debug|Any CPU
		{81DDED9D-158B-E303-5F62-77A2896D2A5A}.Debug|x86.Build.0 = Debug|Any CPU
		{81DDED9D-158B-E303-5F62-77A2896D2A5A}.Release|Any CPU.ActiveCfg = Debug|Any CPU
		{81DDED9D-158B-E303-5F62-77A2896D2A5A}.Release|Any CPU.Build.0 = Debug|Any CPU
		{81DDED9D-158B-E303-5F62-77A2896D2A5A}.Release|x64.ActiveCfg = Debug|Any CPU
		{81DDED9D-158B-E303-5F62-77A2896D2A5A}.Release|x64.Build.0 = Debug|Any CPU
		{81DDED9D-158B-E303-5F62-77A2896D2A5A}.Release|x86.ActiveCfg = Debug|Any CPU
		{81DDED9D-158B-E303-5F62-77A2896D2A5A}.Release|x86.Build.0 = Debug|Any CPU
	EndGlobalSection
	GlobalSection(SolutionProperties) = preSolution
		HideSolutionNode = FALSE
	EndGlobalSection
	GlobalSection(NestedProjects) = preSolution
		{BD73C6EC-E726-4B73-9F7B-F10E06B2D6C3} = {59E39671-6EFC-4EE2-B70F-DF6955451C7C}
		{A49DCEDA-15C8-410A-9ECD-229644DE5559} = {59E39671-6EFC-4EE2-B70F-DF6955451C7C}
		{A0A37466-E91D-4199-ABD2-679F8A3A9731} = {ECA7A5FD-EC0A-4914-865A-220958DA2AC3}
		{D2CFB436-054B-4795-8B47-40452CD8B143} = {ECA7A5FD-EC0A-4914-865A-220958DA2AC3}
		{EED82447-E52F-4A54-A6CF-45EC98C1C37B} = {59E39671-6EFC-4EE2-B70F-DF6955451C7C}
		{3F72F5DD-76D9-4899-A920-736D82D06603} = {39547434-F68A-4275-8482-B1EB3CFC8F02}
		{B2AE5013-780F-4387-970E-F7BAD9D26332} = {39547434-F68A-4275-8482-B1EB3CFC8F02}
		{60897FE6-CD56-4352-B3A8-DE9A38AA551D} = {39547434-F68A-4275-8482-B1EB3CFC8F02}
		{9194D736-D70F-4C02-A38B-F7C0DB38788B} = {ECA7A5FD-EC0A-4914-865A-220958DA2AC3}
		{3CEE35A8-FE87-46F7-9B38-5A6C28CE176A} = {ECA7A5FD-EC0A-4914-865A-220958DA2AC3}
		{162A2960-9663-4650-91B9-69C2CE0283E7} = {ECA7A5FD-EC0A-4914-865A-220958DA2AC3}
		{C66136CE-3A93-46A6-9153-AFF0BF6AD1DA} = {59E39671-6EFC-4EE2-B70F-DF6955451C7C}
		{51660FD5-1869-4C04-90F9-DADAB3DB9E25} = {59E39671-6EFC-4EE2-B70F-DF6955451C7C}
		{CABFA89E-B4DC-40DB-847B-9FF9DDCFE98C} = {59E39671-6EFC-4EE2-B70F-DF6955451C7C}
		{9740E725-AD7A-4F6C-AA7E-A207805CE28D} = {39547434-F68A-4275-8482-B1EB3CFC8F02}
		{020E2586-334E-4215-8995-C7C9B52B4986} = {39547434-F68A-4275-8482-B1EB3CFC8F02}
		{A7DA50AE-67B9-6269-2510-0D8452143CA0} = {BC1E10B1-10E1-456F-9496-6DA354303160}
		{14BF5A04-BECE-DE6A-0243-046EA3364193} = {A7DA50AE-67B9-6269-2510-0D8452143CA0}
		{461299E4-6A6E-4F20-A754-65595C9EA455} = {14BF5A04-BECE-DE6A-0243-046EA3364193}
		{CBB1201F-1983-42C0-8DC5-075FC08E0F7E} = {14BF5A04-BECE-DE6A-0243-046EA3364193}
		{6EBB186B-2645-426F-B534-220F352FF742} = {14BF5A04-BECE-DE6A-0243-046EA3364193}
		{FF925892-3218-4854-965C-414EB48F7287} = {14BF5A04-BECE-DE6A-0243-046EA3364193}
		{2C62487C-6EDC-4407-B761-704122BC9655} = {A7DA50AE-67B9-6269-2510-0D8452143CA0}
		{0B9E79AA-63AE-BE3B-35F7-7331E9685360} = {A7DA50AE-67B9-6269-2510-0D8452143CA0}
		{8DE9C4E5-B212-44C9-984D-67A649106E69} = {0B9E79AA-63AE-BE3B-35F7-7331E9685360}
		{FFDE4714-E89E-4E10-BF6A-834320371A1A} = {0B9E79AA-63AE-BE3B-35F7-7331E9685360}
		{7DE687F4-901E-43AD-AE68-F335511D2C82} = {0B9E79AA-63AE-BE3B-35F7-7331E9685360}
		{F4A5443C-A3A4-4CDC-819F-22A26D2A89CE} = {0B9E79AA-63AE-BE3B-35F7-7331E9685360}
		{ECA7A5FD-EC0A-4914-865A-220958DA2AC3} = {BC1E10B1-10E1-456F-9496-6DA354303160}
		{1827BD1D-6BD3-E69A-4C17-ABA8A6638680} = {A7DA50AE-67B9-6269-2510-0D8452143CA0}
		{402C309C-F646-4DF1-B87D-FCB7F909F2C6} = {1827BD1D-6BD3-E69A-4C17-ABA8A6638680}
		{D8E5022F-B4F5-4C2C-9B47-91068F71DC40} = {1827BD1D-6BD3-E69A-4C17-ABA8A6638680}
		{A3FE6FAE-BCF3-47C7-B8A9-03FFFB9D51D5} = {1827BD1D-6BD3-E69A-4C17-ABA8A6638680}
		{3DBDFB3C-36B0-4458-B312-D32666D05DDA} = {1827BD1D-6BD3-E69A-4C17-ABA8A6638680}
		{C450DFA7-A89B-A0DC-B526-8D3FD4C8429D} = {A7DA50AE-67B9-6269-2510-0D8452143CA0}
		{CCB55052-00BE-4DB6-BCEB-7BE58267B93F} = {C450DFA7-A89B-A0DC-B526-8D3FD4C8429D}
		{DE78990D-E144-4998-A43A-5FC9F5D461EB} = {C450DFA7-A89B-A0DC-B526-8D3FD4C8429D}
		{2C9482F3-894B-4028-BA85-A94948CC4326} = {C450DFA7-A89B-A0DC-B526-8D3FD4C8429D}
		{7BD30A91-D545-4E1B-B108-29F6DA846956} = {C450DFA7-A89B-A0DC-B526-8D3FD4C8429D}
		{080B6B54-1A1C-395D-F66C-96204F65B569} = {A7DA50AE-67B9-6269-2510-0D8452143CA0}
		{A3A3F1C4-562B-4DA2-B398-64201A2DCF88} = {080B6B54-1A1C-395D-F66C-96204F65B569}
		{34D1CFEE-320D-46A2-B89F-8FDD45508F9C} = {080B6B54-1A1C-395D-F66C-96204F65B569}
		{1750C8B9-49EB-4C8E-8102-A19223CB1FB5} = {080B6B54-1A1C-395D-F66C-96204F65B569}
		{1B20F816-99E0-4A9D-9B53-1778E38BBA29} = {080B6B54-1A1C-395D-F66C-96204F65B569}
		{94B70EAF-6BB4-4AFE-8B04-8E30B526DAB8} = {A7DA50AE-67B9-6269-2510-0D8452143CA0}
	EndGlobalSection
	GlobalSection(ExtensibilityGlobals) = postSolution
		SolutionGuid = {A79E706E-1C9F-4CF1-A700-5A2D09B33AC6}
	EndGlobalSection
EndGlobal
