
Microsoft Visual Studio Solution File, Format Version 12.00
Project("{FAE04EC0-301F-11D3-BF4B-00C04F79EFBC}") = "Lycia.Messaging", "Lycia.Messaging\Lycia.Messaging.csproj", "{BD73C6EC-E726-4B73-9F7B-F10E06B2D6C3}"
EndProject
Project("{FAE04EC0-301F-11D3-BF4B-00C04F79EFBC}") = "Lycia.Saga", "Lycia.Saga\Lycia.Saga.csproj", "{A49DCEDA-15C8-410A-9ECD-229644DE5559}"
EndProject
Project("{FAE04EC0-301F-11D3-BF4B-00C04F79EFBC}") = "Lycia.Infrastructure", "Lycia.Infrastructure\Lycia.Infrastructure.csproj", "{C57C60D9-A8CC-4055-A8F3-D4DBB13156B4}"
EndProject
Project("{2150E333-8FDC-42A3-9474-1A3956D46DE8}") = "Samples", "Samples", "{BC1E10B1-10E1-456F-9496-6DA354303160}"
EndProject
Project("{FAE04EC0-301F-11D3-BF4B-00C04F79EFBC}") = "Sample.Choreography.Api", "Sample.Choreography.Api\Sample.Choreography.Api.csproj", "{A0A37466-E91D-4199-ABD2-679F8A3A9731}"
EndProject
Project("{FAE04EC0-301F-11D3-BF4B-00C04F79EFBC}") = "Sample.Orchestration.Worker", "Sample.Orchestration.Worker\Sample.Orchestration.Worker.csproj", "{DFDC4E24-CD6F-40EF-9AF2-D2E3F2CB9976}"
EndProject
Project("{FAE04EC0-301F-11D3-BF4B-00C04F79EFBC}") = "Sample.Shared", "Sample.Shared\Sample.Shared.csproj", "{D2CFB436-054B-4795-8B47-40452CD8B143}"
EndProject
Project("{2150E333-8FDC-42A3-9474-1A3956D46DE8}") = "tests", "tests", "{39547434-F68A-4275-8482-B1EB3CFC8F02}"
EndProject
Project("{FAE04EC0-301F-11D3-BF4B-00C04F79EFBC}") = "Lycia.Tests", "Lycia.Tests\Lycia.Tests.csproj", "{7FA752DF-3BB2-430F-B7B1-D13F3DDDD94E}"
EndProject
Project("{2150E333-8FDC-42A3-9474-1A3956D46DE8}") = "src", "src", "{59E39671-6EFC-4EE2-B70F-DF6955451C7C}"
EndProject
Global
	GlobalSection(SolutionConfigurationPlatforms) = preSolution
		Debug|Any CPU = Debug|Any CPU
		Release|Any CPU = Release|Any CPU
	EndGlobalSection
	GlobalSection(ProjectConfigurationPlatforms) = postSolution
		{BD73C6EC-E726-4B73-9F7B-F10E06B2D6C3}.Debug|Any CPU.ActiveCfg = Debug|Any CPU
		{BD73C6EC-E726-4B73-9F7B-F10E06B2D6C3}.Debug|Any CPU.Build.0 = Debug|Any CPU
		{BD73C6EC-E726-4B73-9F7B-F10E06B2D6C3}.Release|Any CPU.ActiveCfg = Release|Any CPU
		{BD73C6EC-E726-4B73-9F7B-F10E06B2D6C3}.Release|Any CPU.Build.0 = Release|Any CPU
		{A49DCEDA-15C8-410A-9ECD-229644DE5559}.Debug|Any CPU.ActiveCfg = Debug|Any CPU
		{A49DCEDA-15C8-410A-9ECD-229644DE5559}.Debug|Any CPU.Build.0 = Debug|Any CPU
		{A49DCEDA-15C8-410A-9ECD-229644DE5559}.Release|Any CPU.ActiveCfg = Release|Any CPU
		{A49DCEDA-15C8-410A-9ECD-229644DE5559}.Release|Any CPU.Build.0 = Release|Any CPU
		{C57C60D9-A8CC-4055-A8F3-D4DBB13156B4}.Debug|Any CPU.ActiveCfg = Debug|Any CPU
		{C57C60D9-A8CC-4055-A8F3-D4DBB13156B4}.Debug|Any CPU.Build.0 = Debug|Any CPU
		{C57C60D9-A8CC-4055-A8F3-D4DBB13156B4}.Release|Any CPU.ActiveCfg = Release|Any CPU
		{C57C60D9-A8CC-4055-A8F3-D4DBB13156B4}.Release|Any CPU.Build.0 = Release|Any CPU
		{A0A37466-E91D-4199-ABD2-679F8A3A9731}.Debug|Any CPU.ActiveCfg = Debug|Any CPU
		{A0A37466-E91D-4199-ABD2-679F8A3A9731}.Debug|Any CPU.Build.0 = Debug|Any CPU
		{A0A37466-E91D-4199-ABD2-679F8A3A9731}.Release|Any CPU.ActiveCfg = Release|Any CPU
		{A0A37466-E91D-4199-ABD2-679F8A3A9731}.Release|Any CPU.Build.0 = Release|Any CPU
		{DFDC4E24-CD6F-40EF-9AF2-D2E3F2CB9976}.Debug|Any CPU.ActiveCfg = Debug|Any CPU
		{DFDC4E24-CD6F-40EF-9AF2-D2E3F2CB9976}.Debug|Any CPU.Build.0 = Debug|Any CPU
		{DFDC4E24-CD6F-40EF-9AF2-D2E3F2CB9976}.Release|Any CPU.ActiveCfg = Release|Any CPU
		{DFDC4E24-CD6F-40EF-9AF2-D2E3F2CB9976}.Release|Any CPU.Build.0 = Release|Any CPU
		{D2CFB436-054B-4795-8B47-40452CD8B143}.Debug|Any CPU.ActiveCfg = Debug|Any CPU
		{D2CFB436-054B-4795-8B47-40452CD8B143}.Debug|Any CPU.Build.0 = Debug|Any CPU
		{D2CFB436-054B-4795-8B47-40452CD8B143}.Release|Any CPU.ActiveCfg = Release|Any CPU
		{D2CFB436-054B-4795-8B47-40452CD8B143}.Release|Any CPU.Build.0 = Release|Any CPU
		{7FA752DF-3BB2-430F-B7B1-D13F3DDDD94E}.Debug|Any CPU.ActiveCfg = Debug|Any CPU
		{7FA752DF-3BB2-430F-B7B1-D13F3DDDD94E}.Debug|Any CPU.Build.0 = Debug|Any CPU
		{7FA752DF-3BB2-430F-B7B1-D13F3DDDD94E}.Release|Any CPU.ActiveCfg = Release|Any CPU
		{7FA752DF-3BB2-430F-B7B1-D13F3DDDD94E}.Release|Any CPU.Build.0 = Release|Any CPU
	EndGlobalSection
	GlobalSection(NestedProjects) = preSolution
		{A0A37466-E91D-4199-ABD2-679F8A3A9731} = {BC1E10B1-10E1-456F-9496-6DA354303160}
		{DFDC4E24-CD6F-40EF-9AF2-D2E3F2CB9976} = {BC1E10B1-10E1-456F-9496-6DA354303160}
		{D2CFB436-054B-4795-8B47-40452CD8B143} = {BC1E10B1-10E1-456F-9496-6DA354303160}
		{7FA752DF-3BB2-430F-B7B1-D13F3DDDD94E} = {39547434-F68A-4275-8482-B1EB3CFC8F02}
		{C57C60D9-A8CC-4055-A8F3-D4DBB13156B4} = {59E39671-6EFC-4EE2-B70F-DF6955451C7C}
		{BD73C6EC-E726-4B73-9F7B-F10E06B2D6C3} = {59E39671-6EFC-4EE2-B70F-DF6955451C7C}
		{A49DCEDA-15C8-410A-9ECD-229644DE5559} = {59E39671-6EFC-4EE2-B70F-DF6955451C7C}
	EndGlobalSection
EndGlobal
